// !$*UTF8*$!
{
	archiveVersion = 1;
	classes = {
	};
	objectVersion = 46;
	objects = {

/* Begin PBXBuildFile section */
		5226071E139C868A00AC5A65 /* green-circle.png in Resources */ = {isa = PBXBuildFile; fileRef = 5226071B139C868A00AC5A65 /* green-circle.png */; };
		52260720139C868A00AC5A65 /* red-circle.png in Resources */ = {isa = PBXBuildFile; fileRef = 5226071D139C868A00AC5A65 /* red-circle.png */; };
		52260722139C893800AC5A65 /* yellow-circle.png in Resources */ = {isa = PBXBuildFile; fileRef = 52260721139C893800AC5A65 /* yellow-circle.png */; };
		5232B4A1139A17F6007044DC /* LogTableHelper.m in Sources */ = {isa = PBXBuildFile; fileRef = 5232B4A0139A17F6007044DC /* LogTableHelper.m */; };
		5232B4F0139AB067007044DC /* Cocoa.framework in Frameworks */ = {isa = PBXBuildFile; fileRef = 52E9748B1393053500535F7C /* Cocoa.framework */; };
		5232B4F6139AB067007044DC /* InfoPlist.strings in Resources */ = {isa = PBXBuildFile; fileRef = 5232B4F4139AB067007044DC /* InfoPlist.strings */; };
		5232B4FD139AB07B007044DC /* GUiRecovery.m in Sources */ = {isa = PBXBuildFile; fileRef = 5232B4FC139AB07B007044DC /* GUiRecovery.m */; };
		5232B4FF139AB087007044DC /* GUiRecovery.xib in Resources */ = {isa = PBXBuildFile; fileRef = 5232B4FE139AB087007044DC /* GUiRecovery.xib */; };
		5232B531139AB203007044DC /* IOKit.framework in Frameworks */ = {isa = PBXBuildFile; fileRef = 5232B530139AB203007044DC /* IOKit.framework */; };
		5232B538139AB23E007044DC /* GUiRecovery.bundle in Copy Modules */ = {isa = PBXBuildFile; fileRef = 5232B4EF139AB067007044DC /* GUiRecovery.bundle */; };
		5232B539139AB24A007044DC /* libusb.dylib in Copy Libraries */ = {isa = PBXBuildFile; fileRef = 5232B517139AB167007044DC /* libusb.dylib */; };
		5232B53A139AB254007044DC /* libirecovery.dylib in Copy Libraries */ = {isa = PBXBuildFile; fileRef = 5232B50C139AB0EB007044DC /* libirecovery.dylib */; };
		5232B53E139AB2A2007044DC /* CoreFoundation.framework in Frameworks */ = {isa = PBXBuildFile; fileRef = 5232B53D139AB2A2007044DC /* CoreFoundation.framework */; };
		5232B572139AB385007044DC /* config.h in Headers */ = {isa = PBXBuildFile; fileRef = 5232B569139AB385007044DC /* config.h */; };
		5232B573139AB385007044DC /* core.c in Sources */ = {isa = PBXBuildFile; fileRef = 5232B56A139AB385007044DC /* core.c */; };
		5232B574139AB385007044DC /* darwin_usb.c in Sources */ = {isa = PBXBuildFile; fileRef = 5232B56B139AB385007044DC /* darwin_usb.c */; };
		5232B575139AB385007044DC /* darwin_usb.h in Headers */ = {isa = PBXBuildFile; fileRef = 5232B56C139AB385007044DC /* darwin_usb.h */; };
		5232B576139AB385007044DC /* descriptor.c in Sources */ = {isa = PBXBuildFile; fileRef = 5232B56D139AB385007044DC /* descriptor.c */; };
		5232B577139AB385007044DC /* io.c in Sources */ = {isa = PBXBuildFile; fileRef = 5232B56E139AB385007044DC /* io.c */; };
		5232B578139AB385007044DC /* libusb.h in Headers */ = {isa = PBXBuildFile; fileRef = 5232B56F139AB385007044DC /* libusb.h */; };
		5232B579139AB385007044DC /* libusbi.h in Headers */ = {isa = PBXBuildFile; fileRef = 5232B570139AB385007044DC /* libusbi.h */; };
		5232B57A139AB385007044DC /* sync.c in Sources */ = {isa = PBXBuildFile; fileRef = 5232B571139AB385007044DC /* sync.c */; };
		5232B57E139AB3BB007044DC /* libirecovery.c in Sources */ = {isa = PBXBuildFile; fileRef = 5232B57C139AB3BB007044DC /* libirecovery.c */; };
		5232B57F139AB3BB007044DC /* libirecovery.h in Headers */ = {isa = PBXBuildFile; fileRef = 5232B57D139AB3BB007044DC /* libirecovery.h */; };
		5232B594139AB3C6007044DC /* config.h in Headers */ = {isa = PBXBuildFile; fileRef = 5232B581139AB3C6007044DC /* config.h */; };
		5232B595139AB3C6007044DC /* libusb.h in Headers */ = {isa = PBXBuildFile; fileRef = 5232B582139AB3C6007044DC /* libusb.h */; };
		5232B596139AB3C6007044DC /* libusbi.h in Headers */ = {isa = PBXBuildFile; fileRef = 5232B583139AB3C6007044DC /* libusbi.h */; };
		5232B5A6139AB46A007044DC /* libleprechaun.dylib in Frameworks */ = {isa = PBXBuildFile; fileRef = 52B8B46A1394048A0099335A /* libleprechaun.dylib */; };
		5232B5A8139AB525007044DC /* libusb.dylib in Frameworks */ = {isa = PBXBuildFile; fileRef = 5232B517139AB167007044DC /* libusb.dylib */; };
		5232B5A9139AB53A007044DC /* libirecovery.dylib in Frameworks */ = {isa = PBXBuildFile; fileRef = 5232B50C139AB0EB007044DC /* libirecovery.dylib */; };
		5232B5AA139AB582007044DC /* libluckycharms.dylib in Frameworks */ = {isa = PBXBuildFile; fileRef = 524B49D713949F6A00E16B56 /* libluckycharms.dylib */; };
		524B499913946CCB00E16B56 /* EnterRecovery.xib in Resources */ = {isa = PBXBuildFile; fileRef = 524B499813946CCB00E16B56 /* EnterRecovery.xib */; };
		524B49BF13949EFB00E16B56 /* libiusbcomm.dylib in Copy Libraries */ = {isa = PBXBuildFile; fileRef = 524B49BB13949EDA00E16B56 /* libiusbcomm.dylib */; };
		524B49D013949F4200E16B56 /* CoreFoundation.framework in Frameworks */ = {isa = PBXBuildFile; fileRef = 524B49CF13949F4200E16B56 /* CoreFoundation.framework */; };
		524B49D213949F4800E16B56 /* IOKit.framework in Frameworks */ = {isa = PBXBuildFile; fileRef = 524B49D113949F4800E16B56 /* IOKit.framework */; };
		524B49D813949F6A00E16B56 /* Cocoa.framework in Frameworks */ = {isa = PBXBuildFile; fileRef = 52E9748B1393053500535F7C /* Cocoa.framework */; };
		524B49DF13949F9900E16B56 /* libluckycharms.dylib in Copy Libraries */ = {isa = PBXBuildFile; fileRef = 524B49D713949F6A00E16B56 /* libluckycharms.dylib */; };
		524B49E313949FC600E16B56 /* MobileDevice.framework in Frameworks */ = {isa = PBXBuildFile; fileRef = 524B49E213949FC600E16B56 /* MobileDevice.framework */; };
		524B49EF1394A0E600E16B56 /* helper.c in Sources */ = {isa = PBXBuildFile; fileRef = 524B49E91394A0E600E16B56 /* helper.c */; };
		524B49F01394A0E600E16B56 /* helper.h in Headers */ = {isa = PBXBuildFile; fileRef = 524B49EA1394A0E600E16B56 /* helper.h */; };
		524B49F11394A0E600E16B56 /* listen.c in Sources */ = {isa = PBXBuildFile; fileRef = 524B49EB1394A0E600E16B56 /* listen.c */; };
		524B49F21394A0E600E16B56 /* listen.h in Headers */ = {isa = PBXBuildFile; fileRef = 524B49EC1394A0E600E16B56 /* listen.h */; };
		524B49F31394A0E600E16B56 /* recovery.c in Sources */ = {isa = PBXBuildFile; fileRef = 524B49ED1394A0E600E16B56 /* recovery.c */; };
		524B49F41394A0E600E16B56 /* recovery.h in Headers */ = {isa = PBXBuildFile; fileRef = 524B49EE1394A0E600E16B56 /* recovery.h */; };
		524B49FB1394A15D00E16B56 /* MDDeviceManager.h in Headers */ = {isa = PBXBuildFile; fileRef = 524B49F51394A15D00E16B56 /* MDDeviceManager.h */; };
		524B49FC1394A15D00E16B56 /* MDDeviceManager.m in Sources */ = {isa = PBXBuildFile; fileRef = 524B49F61394A15D00E16B56 /* MDDeviceManager.m */; };
		524B49FD1394A15D00E16B56 /* MDListener.h in Headers */ = {isa = PBXBuildFile; fileRef = 524B49F71394A15D00E16B56 /* MDListener.h */; };
		524B49FE1394A15D00E16B56 /* MDNotificationCenter.h in Headers */ = {isa = PBXBuildFile; fileRef = 524B49F81394A15D00E16B56 /* MDNotificationCenter.h */; };
		524B49FF1394A15D00E16B56 /* MDNotificationCenter.m in Sources */ = {isa = PBXBuildFile; fileRef = 524B49F91394A15D00E16B56 /* MDNotificationCenter.m */; };
		524B4A001394A15D00E16B56 /* MobileDevice.h in Headers */ = {isa = PBXBuildFile; fileRef = 524B49FA1394A15D00E16B56 /* MobileDevice.h */; };
		524B4A021394A1E800E16B56 /* libluckycharms.dylib in Frameworks */ = {isa = PBXBuildFile; fileRef = 524B49D713949F6A00E16B56 /* libluckycharms.dylib */; };
		528BDD17139701DD00C10C65 /* EnterRecovery.bundle in Copy Modules */ = {isa = PBXBuildFile; fileRef = 52B897211394460400C852D7 /* EnterRecovery.bundle */; };
		52AB55D61394051700195CD1 /* Leprechaun.h in Headers */ = {isa = PBXBuildFile; fileRef = 52AB55D41394051700195CD1 /* Leprechaun.h */; };
		52AB55D71394051700195CD1 /* Leprechaun.m in Sources */ = {isa = PBXBuildFile; fileRef = 52AB55D51394051700195CD1 /* Leprechaun.m */; };
		52AB55D8139408F300195CD1 /* libleprechaun.dylib in Frameworks */ = {isa = PBXBuildFile; fileRef = 52B8B46A1394048A0099335A /* libleprechaun.dylib */; };
		52AB55DA1394093800195CD1 /* libleprechaun.dylib in Copy Libraries */ = {isa = PBXBuildFile; fileRef = 52B8B46A1394048A0099335A /* libleprechaun.dylib */; };
		52AB55F613941A3900195CD1 /* LeprechaunPuncher.m in Sources */ = {isa = PBXBuildFile; fileRef = 52AB55F513941A3900195CD1 /* LeprechaunPuncher.m */; };
		52B897221394460400C852D7 /* Cocoa.framework in Frameworks */ = {isa = PBXBuildFile; fileRef = 52E9748B1393053500535F7C /* Cocoa.framework */; };
		52B897281394460400C852D7 /* InfoPlist.strings in Resources */ = {isa = PBXBuildFile; fileRef = 52B897261394460400C852D7 /* InfoPlist.strings */; };
		52B897301394464E00C852D7 /* Module.m in Sources */ = {isa = PBXBuildFile; fileRef = 52B8972F1394464E00C852D7 /* Module.m */; };
		52B89733139447BE00C852D7 /* MobileDevice.framework in Frameworks */ = {isa = PBXBuildFile; fileRef = 52B8B44113930E8D0099335A /* MobileDevice.framework */; };
		52B8B46B1394048A0099335A /* Cocoa.framework in Frameworks */ = {isa = PBXBuildFile; fileRef = 52E9748B1393053500535F7C /* Cocoa.framework */; };
		52E9748C1393053500535F7C /* Cocoa.framework in Frameworks */ = {isa = PBXBuildFile; fileRef = 52E9748B1393053500535F7C /* Cocoa.framework */; };
		52E974961393053500535F7C /* InfoPlist.strings in Resources */ = {isa = PBXBuildFile; fileRef = 52E974941393053500535F7C /* InfoPlist.strings */; };
		52E974991393053500535F7C /* main.m in Sources */ = {isa = PBXBuildFile; fileRef = 52E974981393053500535F7C /* main.m */; };
		52E9749C1393053500535F7C /* Credits.rtf in Resources */ = {isa = PBXBuildFile; fileRef = 52E9749A1393053500535F7C /* Credits.rtf */; };
		52E9749F1393053500535F7C /* RainbowAppDelegate.m in Sources */ = {isa = PBXBuildFile; fileRef = 52E9749E1393053500535F7C /* RainbowAppDelegate.m */; };
		52E974A21393053500535F7C /* Rainbow.xib in Resources */ = {isa = PBXBuildFile; fileRef = 52E974A01393053500535F7C /* Rainbow.xib */; };
		52EEAA1A13944DCB00C1A205 /* MobileDevice.framework in Frameworks */ = {isa = PBXBuildFile; fileRef = 52B8B44113930E8D0099335A /* MobileDevice.framework */; };
		52EEAA1B13944DDA00C1A205 /* MobileDevice.framework in Frameworks */ = {isa = PBXBuildFile; fileRef = 52B8B44113930E8D0099335A /* MobileDevice.framework */; };
/* End PBXBuildFile section */

/* Begin PBXContainerItemProxy section */
		5232B51E139AB19A007044DC /* PBXContainerItemProxy */ = {
			isa = PBXContainerItemProxy;
			containerPortal = 52E9747E1393053500535F7C /* Project object */;
			proxyType = 1;
			remoteGlobalIDString = 5232B516139AB167007044DC;
			remoteInfo = usb;
		};
		5232B532139AB220007044DC /* PBXContainerItemProxy */ = {
			isa = PBXContainerItemProxy;
			containerPortal = 52E9747E1393053500535F7C /* Project object */;
			proxyType = 1;
			remoteGlobalIDString = 5232B516139AB167007044DC;
			remoteInfo = usb;
		};
		5232B534139AB223007044DC /* PBXContainerItemProxy */ = {
			isa = PBXContainerItemProxy;
			containerPortal = 52E9747E1393053500535F7C /* Project object */;
			proxyType = 1;
			remoteGlobalIDString = 5232B50B139AB0EB007044DC;
			remoteInfo = irecovery;
		};
		5232B536139AB227007044DC /* PBXContainerItemProxy */ = {
			isa = PBXContainerItemProxy;
			containerPortal = 52E9747E1393053500535F7C /* Project object */;
			proxyType = 1;
			remoteGlobalIDString = 5232B4EE139AB067007044DC;
			remoteInfo = GUiRecovery;
		};
		524B49CD13949F3000E16B56 /* PBXContainerItemProxy */ = {
			isa = PBXContainerItemProxy;
			containerPortal = 52E9747E1393053500535F7C /* Project object */;
			proxyType = 1;
			remoteGlobalIDString = 524B49BA13949EDA00E16B56;
			remoteInfo = iusbcomm;
		};
		524B49E013949F9D00E16B56 /* PBXContainerItemProxy */ = {
			isa = PBXContainerItemProxy;
			containerPortal = 52E9747E1393053500535F7C /* Project object */;
			proxyType = 1;
			remoteGlobalIDString = 524B49D613949F6A00E16B56;
			remoteInfo = libluckycharms;
		};
		52B8971B139437AC00C852D7 /* PBXContainerItemProxy */ = {
			isa = PBXContainerItemProxy;
			containerPortal = 52E9747E1393053500535F7C /* Project object */;
			proxyType = 1;
			remoteGlobalIDString = 52B8B4691394048A0099335A;
			remoteInfo = libleprechaun;
		};
		52B897311394476D00C852D7 /* PBXContainerItemProxy */ = {
			isa = PBXContainerItemProxy;
			containerPortal = 52E9747E1393053500535F7C /* Project object */;
			proxyType = 1;
			remoteGlobalIDString = 52B897201394460400C852D7;
			remoteInfo = EnterRecovery;
		};
/* End PBXContainerItemProxy section */

/* Begin PBXCopyFilesBuildPhase section */
		528BDD16139701CB00C10C65 /* Copy Modules */ = {
			isa = PBXCopyFilesBuildPhase;
			buildActionMask = 2147483647;
			dstPath = "";
			dstSubfolderSpec = 13;
			files = (
				528BDD17139701DD00C10C65 /* EnterRecovery.bundle in Copy Modules */,
				5232B538139AB23E007044DC /* GUiRecovery.bundle in Copy Modules */,
			);
			name = "Copy Modules";
			runOnlyForDeploymentPostprocessing = 0;
		};
		52AB55D91394090100195CD1 /* Copy Libraries */ = {
			isa = PBXCopyFilesBuildPhase;
			buildActionMask = 2147483647;
			dstPath = ./../Libraries;
			dstSubfolderSpec = 7;
			files = (
				524B49DF13949F9900E16B56 /* libluckycharms.dylib in Copy Libraries */,
				52AB55DA1394093800195CD1 /* libleprechaun.dylib in Copy Libraries */,
				524B49BF13949EFB00E16B56 /* libiusbcomm.dylib in Copy Libraries */,
				5232B539139AB24A007044DC /* libusb.dylib in Copy Libraries */,
				5232B53A139AB254007044DC /* libirecovery.dylib in Copy Libraries */,
			);
			name = "Copy Libraries";
			runOnlyForDeploymentPostprocessing = 0;
		};
/* End PBXCopyFilesBuildPhase section */

/* Begin PBXFileReference section */
		5226071B139C868A00AC5A65 /* green-circle.png */ = {isa = PBXFileReference; lastKnownFileType = image.png; path = "green-circle.png"; sourceTree = "<group>"; };
		5226071D139C868A00AC5A65 /* red-circle.png */ = {isa = PBXFileReference; lastKnownFileType = image.png; path = "red-circle.png"; sourceTree = "<group>"; };
		52260721139C893800AC5A65 /* yellow-circle.png */ = {isa = PBXFileReference; lastKnownFileType = image.png; path = "yellow-circle.png"; sourceTree = "<group>"; };
		5232B49F139A17F6007044DC /* LogTableHelper.h */ = {isa = PBXFileReference; fileEncoding = 4; lastKnownFileType = sourcecode.c.h; path = LogTableHelper.h; sourceTree = "<group>"; };
		5232B4A0139A17F6007044DC /* LogTableHelper.m */ = {isa = PBXFileReference; fileEncoding = 4; lastKnownFileType = sourcecode.c.objc; path = LogTableHelper.m; sourceTree = "<group>"; };
		5232B4EF139AB067007044DC /* GUiRecovery.bundle */ = {isa = PBXFileReference; explicitFileType = wrapper.cfbundle; includeInIndex = 0; path = GUiRecovery.bundle; sourceTree = BUILT_PRODUCTS_DIR; };
		5232B4F3139AB067007044DC /* GUiRecovery-Info.plist */ = {isa = PBXFileReference; lastKnownFileType = text.plist.xml; path = "GUiRecovery-Info.plist"; sourceTree = "<group>"; };
		5232B4F5139AB067007044DC /* en */ = {isa = PBXFileReference; lastKnownFileType = text.plist.strings; name = en; path = en.lproj/InfoPlist.strings; sourceTree = "<group>"; };
		5232B4F7139AB067007044DC /* GUiRecovery-Prefix.pch */ = {isa = PBXFileReference; lastKnownFileType = sourcecode.c.h; path = "GUiRecovery-Prefix.pch"; sourceTree = "<group>"; };
		5232B4FB139AB07B007044DC /* GUiRecovery.h */ = {isa = PBXFileReference; fileEncoding = 4; lastKnownFileType = sourcecode.c.h; path = GUiRecovery.h; sourceTree = "<group>"; };
		5232B4FC139AB07B007044DC /* GUiRecovery.m */ = {isa = PBXFileReference; fileEncoding = 4; lastKnownFileType = sourcecode.c.objc; path = GUiRecovery.m; sourceTree = "<group>"; };
		5232B4FE139AB087007044DC /* GUiRecovery.xib */ = {isa = PBXFileReference; fileEncoding = 4; lastKnownFileType = file.xib; path = GUiRecovery.xib; sourceTree = "<group>"; };
		5232B50C139AB0EB007044DC /* libirecovery.dylib */ = {isa = PBXFileReference; explicitFileType = "compiled.mach-o.dylib"; includeInIndex = 0; path = libirecovery.dylib; sourceTree = BUILT_PRODUCTS_DIR; };
		5232B517139AB167007044DC /* libusb.dylib */ = {isa = PBXFileReference; explicitFileType = "compiled.mach-o.dylib"; includeInIndex = 0; path = libusb.dylib; sourceTree = BUILT_PRODUCTS_DIR; };
		5232B530139AB203007044DC /* IOKit.framework */ = {isa = PBXFileReference; lastKnownFileType = wrapper.framework; name = IOKit.framework; path = System/Library/Frameworks/IOKit.framework; sourceTree = SDKROOT; };
		5232B53D139AB2A2007044DC /* CoreFoundation.framework */ = {isa = PBXFileReference; lastKnownFileType = wrapper.framework; name = CoreFoundation.framework; path = System/Library/Frameworks/CoreFoundation.framework; sourceTree = SDKROOT; };
		5232B569139AB385007044DC /* config.h */ = {isa = PBXFileReference; fileEncoding = 4; lastKnownFileType = sourcecode.c.h; name = config.h; path = libusb/config.h; sourceTree = "<group>"; };
		5232B56A139AB385007044DC /* core.c */ = {isa = PBXFileReference; fileEncoding = 4; lastKnownFileType = sourcecode.c.c; name = core.c; path = libusb/core.c; sourceTree = "<group>"; };
		5232B56B139AB385007044DC /* darwin_usb.c */ = {isa = PBXFileReference; fileEncoding = 4; lastKnownFileType = sourcecode.c.c; name = darwin_usb.c; path = libusb/darwin_usb.c; sourceTree = "<group>"; };
		5232B56C139AB385007044DC /* darwin_usb.h */ = {isa = PBXFileReference; fileEncoding = 4; lastKnownFileType = sourcecode.c.h; name = darwin_usb.h; path = libusb/darwin_usb.h; sourceTree = "<group>"; };
		5232B56D139AB385007044DC /* descriptor.c */ = {isa = PBXFileReference; fileEncoding = 4; lastKnownFileType = sourcecode.c.c; name = descriptor.c; path = libusb/descriptor.c; sourceTree = "<group>"; };
		5232B56E139AB385007044DC /* io.c */ = {isa = PBXFileReference; fileEncoding = 4; lastKnownFileType = sourcecode.c.c; name = io.c; path = libusb/io.c; sourceTree = "<group>"; };
		5232B56F139AB385007044DC /* libusb.h */ = {isa = PBXFileReference; fileEncoding = 4; lastKnownFileType = sourcecode.c.h; name = libusb.h; path = libusb/libusb.h; sourceTree = "<group>"; };
		5232B570139AB385007044DC /* libusbi.h */ = {isa = PBXFileReference; fileEncoding = 4; lastKnownFileType = sourcecode.c.h; name = libusbi.h; path = libusb/libusbi.h; sourceTree = "<group>"; };
		5232B571139AB385007044DC /* sync.c */ = {isa = PBXFileReference; fileEncoding = 4; lastKnownFileType = sourcecode.c.c; name = sync.c; path = libusb/sync.c; sourceTree = "<group>"; };
		5232B57C139AB3BB007044DC /* libirecovery.c */ = {isa = PBXFileReference; fileEncoding = 4; lastKnownFileType = sourcecode.c.c; name = libirecovery.c; path = libirecovery/libirecovery.c; sourceTree = "<group>"; };
		5232B57D139AB3BB007044DC /* libirecovery.h */ = {isa = PBXFileReference; fileEncoding = 4; lastKnownFileType = sourcecode.c.h; name = libirecovery.h; path = libirecovery/libirecovery.h; sourceTree = "<group>"; };
		5232B581139AB3C6007044DC /* config.h */ = {isa = PBXFileReference; fileEncoding = 4; lastKnownFileType = sourcecode.c.h; path = config.h; sourceTree = "<group>"; };
		5232B582139AB3C6007044DC /* libusb.h */ = {isa = PBXFileReference; fileEncoding = 4; lastKnownFileType = sourcecode.c.h; path = libusb.h; sourceTree = "<group>"; };
		5232B583139AB3C6007044DC /* libusbi.h */ = {isa = PBXFileReference; fileEncoding = 4; lastKnownFileType = sourcecode.c.h; path = libusbi.h; sourceTree = "<group>"; };
		524B499813946CCB00E16B56 /* EnterRecovery.xib */ = {isa = PBXFileReference; fileEncoding = 4; lastKnownFileType = file.xib; path = EnterRecovery.xib; sourceTree = "<group>"; };
		524B49BB13949EDA00E16B56 /* libiusbcomm.dylib */ = {isa = PBXFileReference; explicitFileType = "compiled.mach-o.dylib"; includeInIndex = 0; path = libiusbcomm.dylib; sourceTree = BUILT_PRODUCTS_DIR; };
		524B49CF13949F4200E16B56 /* CoreFoundation.framework */ = {isa = PBXFileReference; lastKnownFileType = wrapper.framework; name = CoreFoundation.framework; path = System/Library/Frameworks/CoreFoundation.framework; sourceTree = SDKROOT; };
		524B49D113949F4800E16B56 /* IOKit.framework */ = {isa = PBXFileReference; lastKnownFileType = wrapper.framework; name = IOKit.framework; path = System/Library/Frameworks/IOKit.framework; sourceTree = SDKROOT; };
		524B49D713949F6A00E16B56 /* libluckycharms.dylib */ = {isa = PBXFileReference; explicitFileType = "compiled.mach-o.dylib"; includeInIndex = 0; path = libluckycharms.dylib; sourceTree = BUILT_PRODUCTS_DIR; };
		524B49DB13949F6A00E16B56 /* libluckycharms-Prefix.pch */ = {isa = PBXFileReference; lastKnownFileType = sourcecode.c.h; path = "libluckycharms-Prefix.pch"; sourceTree = "<group>"; };
		524B49E213949FC600E16B56 /* MobileDevice.framework */ = {isa = PBXFileReference; lastKnownFileType = wrapper.framework; name = MobileDevice.framework; path = /System/Library/PrivateFrameworks/MobileDevice.framework; sourceTree = "<absolute>"; };
		524B49E91394A0E600E16B56 /* helper.c */ = {isa = PBXFileReference; fileEncoding = 4; lastKnownFileType = sourcecode.c.c; name = helper.c; path = ../libiusbcomm/helper.c; sourceTree = "<group>"; };
		524B49EA1394A0E600E16B56 /* helper.h */ = {isa = PBXFileReference; fileEncoding = 4; lastKnownFileType = sourcecode.c.h; name = helper.h; path = ../libiusbcomm/helper.h; sourceTree = "<group>"; };
		524B49EB1394A0E600E16B56 /* listen.c */ = {isa = PBXFileReference; fileEncoding = 4; lastKnownFileType = sourcecode.c.c; name = listen.c; path = ../libiusbcomm/listen.c; sourceTree = "<group>"; };
		524B49EC1394A0E600E16B56 /* listen.h */ = {isa = PBXFileReference; fileEncoding = 4; lastKnownFileType = sourcecode.c.h; name = listen.h; path = ../libiusbcomm/listen.h; sourceTree = "<group>"; };
		524B49ED1394A0E600E16B56 /* recovery.c */ = {isa = PBXFileReference; fileEncoding = 4; lastKnownFileType = sourcecode.c.c; name = recovery.c; path = ../libiusbcomm/recovery.c; sourceTree = "<group>"; };
		524B49EE1394A0E600E16B56 /* recovery.h */ = {isa = PBXFileReference; fileEncoding = 4; lastKnownFileType = sourcecode.c.h; name = recovery.h; path = ../libiusbcomm/recovery.h; sourceTree = "<group>"; };
		524B49F51394A15D00E16B56 /* MDDeviceManager.h */ = {isa = PBXFileReference; fileEncoding = 4; lastKnownFileType = sourcecode.c.h; name = MDDeviceManager.h; path = ../libluckycharms/MDDeviceManager.h; sourceTree = "<group>"; };
		524B49F61394A15D00E16B56 /* MDDeviceManager.m */ = {isa = PBXFileReference; fileEncoding = 4; lastKnownFileType = sourcecode.c.objc; name = MDDeviceManager.m; path = ../libluckycharms/MDDeviceManager.m; sourceTree = "<group>"; };
		524B49F71394A15D00E16B56 /* MDListener.h */ = {isa = PBXFileReference; fileEncoding = 4; lastKnownFileType = sourcecode.c.h; name = MDListener.h; path = ../libluckycharms/MDListener.h; sourceTree = "<group>"; };
		524B49F81394A15D00E16B56 /* MDNotificationCenter.h */ = {isa = PBXFileReference; fileEncoding = 4; lastKnownFileType = sourcecode.c.h; name = MDNotificationCenter.h; path = ../libluckycharms/MDNotificationCenter.h; sourceTree = "<group>"; };
		524B49F91394A15D00E16B56 /* MDNotificationCenter.m */ = {isa = PBXFileReference; fileEncoding = 4; lastKnownFileType = sourcecode.c.objc; name = MDNotificationCenter.m; path = ../libluckycharms/MDNotificationCenter.m; sourceTree = "<group>"; };
		524B49FA1394A15D00E16B56 /* MobileDevice.h */ = {isa = PBXFileReference; fileEncoding = 4; lastKnownFileType = sourcecode.c.h; name = MobileDevice.h; path = ../libluckycharms/MobileDevice.h; sourceTree = "<group>"; };
		52AB55D41394051700195CD1 /* Leprechaun.h */ = {isa = PBXFileReference; fileEncoding = 4; lastKnownFileType = sourcecode.c.h; path = Leprechaun.h; sourceTree = "<group>"; };
		52AB55D51394051700195CD1 /* Leprechaun.m */ = {isa = PBXFileReference; fileEncoding = 4; lastKnownFileType = sourcecode.c.objc; path = Leprechaun.m; sourceTree = "<group>"; };
		52AB55F413941A3900195CD1 /* LeprechaunPuncher.h */ = {isa = PBXFileReference; fileEncoding = 4; lastKnownFileType = sourcecode.c.h; path = LeprechaunPuncher.h; sourceTree = "<group>"; };
		52AB55F513941A3900195CD1 /* LeprechaunPuncher.m */ = {isa = PBXFileReference; fileEncoding = 4; lastKnownFileType = sourcecode.c.objc; path = LeprechaunPuncher.m; sourceTree = "<group>"; };
		52B897211394460400C852D7 /* EnterRecovery.bundle */ = {isa = PBXFileReference; explicitFileType = wrapper.cfbundle; includeInIndex = 0; path = EnterRecovery.bundle; sourceTree = BUILT_PRODUCTS_DIR; };
		52B897251394460400C852D7 /* EnterRecovery-Info.plist */ = {isa = PBXFileReference; lastKnownFileType = text.plist.xml; path = "EnterRecovery-Info.plist"; sourceTree = "<group>"; };
		52B897271394460400C852D7 /* en */ = {isa = PBXFileReference; lastKnownFileType = text.plist.strings; name = en; path = en.lproj/InfoPlist.strings; sourceTree = "<group>"; };
		52B897291394460400C852D7 /* EnterRecovery-Prefix.pch */ = {isa = PBXFileReference; lastKnownFileType = sourcecode.c.h; path = "EnterRecovery-Prefix.pch"; sourceTree = "<group>"; };
		52B8972E1394464E00C852D7 /* Module.h */ = {isa = PBXFileReference; fileEncoding = 4; lastKnownFileType = sourcecode.c.h; path = Module.h; sourceTree = "<group>"; };
		52B8972F1394464E00C852D7 /* Module.m */ = {isa = PBXFileReference; fileEncoding = 4; lastKnownFileType = sourcecode.c.objc; path = Module.m; sourceTree = "<group>"; };
		52B8B44113930E8D0099335A /* MobileDevice.framework */ = {isa = PBXFileReference; lastKnownFileType = wrapper.framework; name = MobileDevice.framework; path = ../../../../../System/Library/PrivateFrameworks/MobileDevice.framework; sourceTree = "<group>"; };
		52B8B46A1394048A0099335A /* libleprechaun.dylib */ = {isa = PBXFileReference; explicitFileType = "compiled.mach-o.dylib"; includeInIndex = 0; path = libleprechaun.dylib; sourceTree = BUILT_PRODUCTS_DIR; };
		52B8B46C1394048A0099335A /* CoreData.framework */ = {isa = PBXFileReference; lastKnownFileType = wrapper.framework; name = CoreData.framework; path = System/Library/Frameworks/CoreData.framework; sourceTree = SDKROOT; };
		52B8B46F1394048B0099335A /* libleprechaun-Prefix.pch */ = {isa = PBXFileReference; lastKnownFileType = sourcecode.c.h; path = "libleprechaun-Prefix.pch"; sourceTree = "<group>"; };
		52E974871393053500535F7C /* Rainbow.app */ = {isa = PBXFileReference; explicitFileType = wrapper.application; includeInIndex = 0; path = Rainbow.app; sourceTree = BUILT_PRODUCTS_DIR; };
		52E9748B1393053500535F7C /* Cocoa.framework */ = {isa = PBXFileReference; lastKnownFileType = wrapper.framework; name = Cocoa.framework; path = System/Library/Frameworks/Cocoa.framework; sourceTree = SDKROOT; };
		52E9748E1393053500535F7C /* AppKit.framework */ = {isa = PBXFileReference; lastKnownFileType = wrapper.framework; name = AppKit.framework; path = System/Library/Frameworks/AppKit.framework; sourceTree = SDKROOT; };
		52E974901393053500535F7C /* Foundation.framework */ = {isa = PBXFileReference; lastKnownFileType = wrapper.framework; name = Foundation.framework; path = System/Library/Frameworks/Foundation.framework; sourceTree = SDKROOT; };
		52E974931393053500535F7C /* Rainbow-Info.plist */ = {isa = PBXFileReference; lastKnownFileType = text.plist.xml; path = "Rainbow-Info.plist"; sourceTree = "<group>"; };
		52E974951393053500535F7C /* en */ = {isa = PBXFileReference; lastKnownFileType = text.plist.strings; name = en; path = en.lproj/InfoPlist.strings; sourceTree = "<group>"; };
		52E974971393053500535F7C /* Rainbow-Prefix.pch */ = {isa = PBXFileReference; lastKnownFileType = sourcecode.c.h; path = "Rainbow-Prefix.pch"; sourceTree = "<group>"; };
		52E974981393053500535F7C /* main.m */ = {isa = PBXFileReference; lastKnownFileType = sourcecode.c.objc; path = main.m; sourceTree = "<group>"; };
		52E9749B1393053500535F7C /* en */ = {isa = PBXFileReference; lastKnownFileType = text.rtf; name = en; path = en.lproj/Credits.rtf; sourceTree = "<group>"; };
		52E9749D1393053500535F7C /* RainbowAppDelegate.h */ = {isa = PBXFileReference; lastKnownFileType = sourcecode.c.h; path = RainbowAppDelegate.h; sourceTree = "<group>"; };
		52E9749E1393053500535F7C /* RainbowAppDelegate.m */ = {isa = PBXFileReference; lastKnownFileType = sourcecode.c.objc; path = RainbowAppDelegate.m; sourceTree = "<group>"; };
		52E974A11393053500535F7C /* en */ = {isa = PBXFileReference; lastKnownFileType = file.xib; name = en; path = en.lproj/Rainbow.xib; sourceTree = "<group>"; };
/* End PBXFileReference section */

/* Begin PBXFrameworksBuildPhase section */
		5232B4EC139AB067007044DC /* Frameworks */ = {
			isa = PBXFrameworksBuildPhase;
			buildActionMask = 2147483647;
			files = (
				5232B4F0139AB067007044DC /* Cocoa.framework in Frameworks */,
				5232B5A9139AB53A007044DC /* libirecovery.dylib in Frameworks */,
			);
			runOnlyForDeploymentPostprocessing = 0;
		};
		5232B509139AB0EB007044DC /* Frameworks */ = {
			isa = PBXFrameworksBuildPhase;
			buildActionMask = 2147483647;
			files = (
				5232B5A8139AB525007044DC /* libusb.dylib in Frameworks */,
			);
			runOnlyForDeploymentPostprocessing = 0;
		};
		5232B514139AB167007044DC /* Frameworks */ = {
			isa = PBXFrameworksBuildPhase;
			buildActionMask = 2147483647;
			files = (
				5232B53E139AB2A2007044DC /* CoreFoundation.framework in Frameworks */,
				5232B531139AB203007044DC /* IOKit.framework in Frameworks */,
			);
			runOnlyForDeploymentPostprocessing = 0;
		};
		524B49B813949EDA00E16B56 /* Frameworks */ = {
			isa = PBXFrameworksBuildPhase;
			buildActionMask = 2147483647;
			files = (
				524B49D213949F4800E16B56 /* IOKit.framework in Frameworks */,
				524B49D013949F4200E16B56 /* CoreFoundation.framework in Frameworks */,
			);
			runOnlyForDeploymentPostprocessing = 0;
		};
		524B49D413949F6A00E16B56 /* Frameworks */ = {
			isa = PBXFrameworksBuildPhase;
			buildActionMask = 2147483647;
			files = (
				524B49E313949FC600E16B56 /* MobileDevice.framework in Frameworks */,
				524B49D813949F6A00E16B56 /* Cocoa.framework in Frameworks */,
			);
			runOnlyForDeploymentPostprocessing = 0;
		};
		52B8971E1394460400C852D7 /* Frameworks */ = {
			isa = PBXFrameworksBuildPhase;
			buildActionMask = 2147483647;
			files = (
				52B897221394460400C852D7 /* Cocoa.framework in Frameworks */,
				52B89733139447BE00C852D7 /* MobileDevice.framework in Frameworks */,
				5232B5A6139AB46A007044DC /* libleprechaun.dylib in Frameworks */,
				5232B5AA139AB582007044DC /* libluckycharms.dylib in Frameworks */,
			);
			runOnlyForDeploymentPostprocessing = 0;
		};
		52B8B4671394048A0099335A /* Frameworks */ = {
			isa = PBXFrameworksBuildPhase;
			buildActionMask = 2147483647;
			files = (
				52B8B46B1394048A0099335A /* Cocoa.framework in Frameworks */,
				52EEAA1A13944DCB00C1A205 /* MobileDevice.framework in Frameworks */,
			);
			runOnlyForDeploymentPostprocessing = 0;
		};
		52E974841393053500535F7C /* Frameworks */ = {
			isa = PBXFrameworksBuildPhase;
			buildActionMask = 2147483647;
			files = (
				52E9748C1393053500535F7C /* Cocoa.framework in Frameworks */,
				52AB55D8139408F300195CD1 /* libleprechaun.dylib in Frameworks */,
				524B4A021394A1E800E16B56 /* libluckycharms.dylib in Frameworks */,
				52EEAA1B13944DDA00C1A205 /* MobileDevice.framework in Frameworks */,
			);
			runOnlyForDeploymentPostprocessing = 0;
		};
/* End PBXFrameworksBuildPhase section */

/* Begin PBXGroup section */
		5232B4F1139AB067007044DC /* GUiRecovery */ = {
			isa = PBXGroup;
			children = (
				5232B4FB139AB07B007044DC /* GUiRecovery.h */,
				5232B4FC139AB07B007044DC /* GUiRecovery.m */,
				5232B4F2139AB067007044DC /* Supporting Files */,
			);
			path = GUiRecovery;
			sourceTree = "<group>";
		};
		5232B4F2139AB067007044DC /* Supporting Files */ = {
			isa = PBXGroup;
			children = (
				5232B4FE139AB087007044DC /* GUiRecovery.xib */,
				5232B4F3139AB067007044DC /* GUiRecovery-Info.plist */,
				5232B4F4139AB067007044DC /* InfoPlist.strings */,
				5232B4F7139AB067007044DC /* GUiRecovery-Prefix.pch */,
			);
			name = "Supporting Files";
			sourceTree = "<group>";
		};
		5232B510139AB108007044DC /* libirecovery */ = {
			isa = PBXGroup;
			children = (
				5232B57B139AB396007044DC /* include */,
				5232B512139AB129007044DC /* Frameworks */,
				5232B511139AB117007044DC /* src */,
			);
			name = libirecovery;
			sourceTree = "<group>";
		};
		5232B511139AB117007044DC /* src */ = {
			isa = PBXGroup;
			children = (
				5232B57C139AB3BB007044DC /* libirecovery.c */,
				5232B57D139AB3BB007044DC /* libirecovery.h */,
			);
			name = src;
			sourceTree = "<group>";
		};
		5232B512139AB129007044DC /* Frameworks */ = {
			isa = PBXGroup;
			children = (
			);
			name = Frameworks;
			sourceTree = "<group>";
		};
		5232B51B139AB170007044DC /* libusb */ = {
			isa = PBXGroup;
			children = (
				5232B51D139AB180007044DC /* Frameworks */,
				5232B51C139AB178007044DC /* src */,
			);
			name = libusb;
			sourceTree = "<group>";
		};
		5232B51C139AB178007044DC /* src */ = {
			isa = PBXGroup;
			children = (
				5232B569139AB385007044DC /* config.h */,
				5232B56A139AB385007044DC /* core.c */,
				5232B56B139AB385007044DC /* darwin_usb.c */,
				5232B56C139AB385007044DC /* darwin_usb.h */,
				5232B56D139AB385007044DC /* descriptor.c */,
				5232B56E139AB385007044DC /* io.c */,
				5232B56F139AB385007044DC /* libusb.h */,
				5232B570139AB385007044DC /* libusbi.h */,
				5232B571139AB385007044DC /* sync.c */,
			);
			name = src;
			sourceTree = "<group>";
		};
		5232B51D139AB180007044DC /* Frameworks */ = {
			isa = PBXGroup;
			children = (
				5232B53D139AB2A2007044DC /* CoreFoundation.framework */,
				5232B530139AB203007044DC /* IOKit.framework */,
			);
			name = Frameworks;
			sourceTree = "<group>";
		};
		5232B57B139AB396007044DC /* include */ = {
			isa = PBXGroup;
			children = (
				5232B580139AB3C6007044DC /* libusb-1.0 */,
			);
			name = include;
			sourceTree = "<group>";
		};
		5232B580139AB3C6007044DC /* libusb-1.0 */ = {
			isa = PBXGroup;
			children = (
				5232B581139AB3C6007044DC /* config.h */,
				5232B582139AB3C6007044DC /* libusb.h */,
				5232B583139AB3C6007044DC /* libusbi.h */,
			);
			name = "libusb-1.0";
			path = "libirecovery/libusb-1.0";
			sourceTree = "<group>";
		};
		524B49C013949F0300E16B56 /* libiusbcomm */ = {
			isa = PBXGroup;
			children = (
				524B49E81394A0D700E16B56 /* src */,
				524B49E41394A02600E16B56 /* Frameworks */,
			);
			name = libiusbcomm;
			sourceTree = "<group>";
		};
		524B49D913949F6A00E16B56 /* libluckycharms */ = {
			isa = PBXGroup;
			children = (
				524B49E51394A03500E16B56 /* Frameworks */,
				52B8B42D1393074D0099335A /* Device Communication */,
				524B49DA13949F6A00E16B56 /* Supporting Files */,
			);
			path = libluckycharms;
			sourceTree = "<group>";
		};
		524B49DA13949F6A00E16B56 /* Supporting Files */ = {
			isa = PBXGroup;
			children = (
				524B49DB13949F6A00E16B56 /* libluckycharms-Prefix.pch */,
			);
			name = "Supporting Files";
			sourceTree = "<group>";
		};
		524B49E41394A02600E16B56 /* Frameworks */ = {
			isa = PBXGroup;
			children = (
				524B49D113949F4800E16B56 /* IOKit.framework */,
				524B49CF13949F4200E16B56 /* CoreFoundation.framework */,
			);
			name = Frameworks;
			sourceTree = "<group>";
		};
		524B49E51394A03500E16B56 /* Frameworks */ = {
			isa = PBXGroup;
			children = (
				524B49E213949FC600E16B56 /* MobileDevice.framework */,
			);
			name = Frameworks;
			sourceTree = "<group>";
		};
		524B49E81394A0D700E16B56 /* src */ = {
			isa = PBXGroup;
			children = (
				524B49E91394A0E600E16B56 /* helper.c */,
				524B49EA1394A0E600E16B56 /* helper.h */,
				524B49EB1394A0E600E16B56 /* listen.c */,
				524B49EC1394A0E600E16B56 /* listen.h */,
				524B49ED1394A0E600E16B56 /* recovery.c */,
				524B49EE1394A0E600E16B56 /* recovery.h */,
			);
			name = src;
			sourceTree = "<group>";
		};
		52B897231394460400C852D7 /* EnterRecovery */ = {
			isa = PBXGroup;
			children = (
				52B897241394460400C852D7 /* Supporting Files */,
				52B8972E1394464E00C852D7 /* Module.h */,
				52B8972F1394464E00C852D7 /* Module.m */,
			);
			path = EnterRecovery;
			sourceTree = "<group>";
		};
		52B897241394460400C852D7 /* Supporting Files */ = {
			isa = PBXGroup;
			children = (
				52B897251394460400C852D7 /* EnterRecovery-Info.plist */,
				52B897261394460400C852D7 /* InfoPlist.strings */,
				52B897291394460400C852D7 /* EnterRecovery-Prefix.pch */,
				524B499813946CCB00E16B56 /* EnterRecovery.xib */,
			);
			name = "Supporting Files";
			sourceTree = "<group>";
		};
		52B8B42D1393074D0099335A /* Device Communication */ = {
			isa = PBXGroup;
			children = (
				524B49F51394A15D00E16B56 /* MDDeviceManager.h */,
				524B49F61394A15D00E16B56 /* MDDeviceManager.m */,
				524B49F71394A15D00E16B56 /* MDListener.h */,
				524B49F81394A15D00E16B56 /* MDNotificationCenter.h */,
				524B49F91394A15D00E16B56 /* MDNotificationCenter.m */,
				524B49FA1394A15D00E16B56 /* MobileDevice.h */,
			);
			name = "Device Communication";
			path = ../Rainbow;
			sourceTree = "<group>";
		};
		52B8B46D1394048A0099335A /* libleprechaun */ = {
			isa = PBXGroup;
			children = (
				52AB55D41394051700195CD1 /* Leprechaun.h */,
				52AB55D51394051700195CD1 /* Leprechaun.m */,
				52B8B46E1394048B0099335A /* Supporting Files */,
			);
			path = libleprechaun;
			sourceTree = "<group>";
		};
		52B8B46E1394048B0099335A /* Supporting Files */ = {
			isa = PBXGroup;
			children = (
				52B8B46F1394048B0099335A /* libleprechaun-Prefix.pch */,
			);
			name = "Supporting Files";
			sourceTree = "<group>";
		};
		52E9747C1393053500535F7C = {
			isa = PBXGroup;
			children = (
				52E974911393053500535F7C /* Rainbow */,
				52B8B46D1394048A0099335A /* libleprechaun */,
				524B49C013949F0300E16B56 /* libiusbcomm */,
				524B49D913949F6A00E16B56 /* libluckycharms */,
				52B897231394460400C852D7 /* EnterRecovery */,
				5232B4F1139AB067007044DC /* GUiRecovery */,
				5232B51B139AB170007044DC /* libusb */,
				5232B510139AB108007044DC /* libirecovery */,
				52E974881393053500535F7C /* Products */,
			);
			sourceTree = "<group>";
		};
		52E974881393053500535F7C /* Products */ = {
			isa = PBXGroup;
			children = (
				52E974871393053500535F7C /* Rainbow.app */,
				52B8B46A1394048A0099335A /* libleprechaun.dylib */,
				52B897211394460400C852D7 /* EnterRecovery.bundle */,
				524B49BB13949EDA00E16B56 /* libiusbcomm.dylib */,
				524B49D713949F6A00E16B56 /* libluckycharms.dylib */,
				5232B4EF139AB067007044DC /* GUiRecovery.bundle */,
				5232B50C139AB0EB007044DC /* libirecovery.dylib */,
				5232B517139AB167007044DC /* libusb.dylib */,
			);
			name = Products;
			sourceTree = "<group>";
		};
		52E9748A1393053500535F7C /* Frameworks */ = {
			isa = PBXGroup;
			children = (
				52B8B44113930E8D0099335A /* MobileDevice.framework */,
				52E9748B1393053500535F7C /* Cocoa.framework */,
				52E9748D1393053500535F7C /* Other Frameworks */,
			);
			name = Frameworks;
			path = ..;
			sourceTree = "<group>";
		};
		52E9748D1393053500535F7C /* Other Frameworks */ = {
			isa = PBXGroup;
			children = (
				52E9748E1393053500535F7C /* AppKit.framework */,
				52E974901393053500535F7C /* Foundation.framework */,
				52B8B46C1394048A0099335A /* CoreData.framework */,
			);
			name = "Other Frameworks";
			sourceTree = "<group>";
		};
		52E974911393053500535F7C /* Rainbow */ = {
			isa = PBXGroup;
			children = (
				52E9748A1393053500535F7C /* Frameworks */,
				52E9749D1393053500535F7C /* RainbowAppDelegate.h */,
				52E9749E1393053500535F7C /* RainbowAppDelegate.m */,
				52AB55F413941A3900195CD1 /* LeprechaunPuncher.h */,
				52AB55F513941A3900195CD1 /* LeprechaunPuncher.m */,
				5232B49F139A17F6007044DC /* LogTableHelper.h */,
				5232B4A0139A17F6007044DC /* LogTableHelper.m */,
				52E974A01393053500535F7C /* Rainbow.xib */,
				52E974921393053500535F7C /* Supporting Files */,
			);
			path = Rainbow;
			sourceTree = "<group>";
		};
		52E974921393053500535F7C /* Supporting Files */ = {
			isa = PBXGroup;
			children = (
				52260721139C893800AC5A65 /* yellow-circle.png */,
				5226071B139C868A00AC5A65 /* green-circle.png */,
				5226071D139C868A00AC5A65 /* red-circle.png */,
				52E974931393053500535F7C /* Rainbow-Info.plist */,
				52E974941393053500535F7C /* InfoPlist.strings */,
				52E974971393053500535F7C /* Rainbow-Prefix.pch */,
				52E974981393053500535F7C /* main.m */,
				52E9749A1393053500535F7C /* Credits.rtf */,
			);
			name = "Supporting Files";
			sourceTree = "<group>";
		};
/* End PBXGroup section */

/* Begin PBXHeadersBuildPhase section */
		5232B50A139AB0EB007044DC /* Headers */ = {
			isa = PBXHeadersBuildPhase;
			buildActionMask = 2147483647;
			files = (
				5232B57F139AB3BB007044DC /* libirecovery.h in Headers */,
				5232B594139AB3C6007044DC /* config.h in Headers */,
				5232B595139AB3C6007044DC /* libusb.h in Headers */,
				5232B596139AB3C6007044DC /* libusbi.h in Headers */,
			);
			runOnlyForDeploymentPostprocessing = 0;
		};
		5232B515139AB167007044DC /* Headers */ = {
			isa = PBXHeadersBuildPhase;
			buildActionMask = 2147483647;
			files = (
				5232B572139AB385007044DC /* config.h in Headers */,
				5232B575139AB385007044DC /* darwin_usb.h in Headers */,
				5232B578139AB385007044DC /* libusb.h in Headers */,
				5232B579139AB385007044DC /* libusbi.h in Headers */,
			);
			runOnlyForDeploymentPostprocessing = 0;
		};
		524B49B913949EDA00E16B56 /* Headers */ = {
			isa = PBXHeadersBuildPhase;
			buildActionMask = 2147483647;
			files = (
				524B49F01394A0E600E16B56 /* helper.h in Headers */,
				524B49F21394A0E600E16B56 /* listen.h in Headers */,
				524B49F41394A0E600E16B56 /* recovery.h in Headers */,
			);
			runOnlyForDeploymentPostprocessing = 0;
		};
		524B49D513949F6A00E16B56 /* Headers */ = {
			isa = PBXHeadersBuildPhase;
			buildActionMask = 2147483647;
			files = (
				524B49FB1394A15D00E16B56 /* MDDeviceManager.h in Headers */,
				524B49FD1394A15D00E16B56 /* MDListener.h in Headers */,
				524B49FE1394A15D00E16B56 /* MDNotificationCenter.h in Headers */,
				524B4A001394A15D00E16B56 /* MobileDevice.h in Headers */,
			);
			runOnlyForDeploymentPostprocessing = 0;
		};
		52B8B4681394048A0099335A /* Headers */ = {
			isa = PBXHeadersBuildPhase;
			buildActionMask = 2147483647;
			files = (
				52AB55D61394051700195CD1 /* Leprechaun.h in Headers */,
			);
			runOnlyForDeploymentPostprocessing = 0;
		};
/* End PBXHeadersBuildPhase section */

/* Begin PBXNativeTarget section */
		5232B4EE139AB067007044DC /* GUiRecovery */ = {
			isa = PBXNativeTarget;
			buildConfigurationList = 5232B4F8139AB067007044DC /* Build configuration list for PBXNativeTarget "GUiRecovery" */;
			buildPhases = (
				5232B4EB139AB067007044DC /* Sources */,
				5232B4EC139AB067007044DC /* Frameworks */,
				5232B4ED139AB067007044DC /* Resources */,
			);
			buildRules = (
			);
			dependencies = (
			);
			name = GUiRecovery;
			productName = GUiRecovery;
			productReference = 5232B4EF139AB067007044DC /* GUiRecovery.bundle */;
			productType = "com.apple.product-type.bundle";
		};
		5232B50B139AB0EB007044DC /* irecovery */ = {
			isa = PBXNativeTarget;
			buildConfigurationList = 5232B50D139AB0EB007044DC /* Build configuration list for PBXNativeTarget "irecovery" */;
			buildPhases = (
				5232B508139AB0EB007044DC /* Sources */,
				5232B509139AB0EB007044DC /* Frameworks */,
				5232B50A139AB0EB007044DC /* Headers */,
			);
			buildRules = (
			);
			dependencies = (
				5232B51F139AB19A007044DC /* PBXTargetDependency */,
			);
			name = irecovery;
			productName = irecovery;
			productReference = 5232B50C139AB0EB007044DC /* libirecovery.dylib */;
			productType = "com.apple.product-type.library.dynamic";
		};
		5232B516139AB167007044DC /* usb */ = {
			isa = PBXNativeTarget;
			buildConfigurationList = 5232B518139AB167007044DC /* Build configuration list for PBXNativeTarget "usb" */;
			buildPhases = (
				5232B513139AB167007044DC /* Sources */,
				5232B514139AB167007044DC /* Frameworks */,
				5232B515139AB167007044DC /* Headers */,
			);
			buildRules = (
			);
			dependencies = (
			);
			name = usb;
			productName = usb;
			productReference = 5232B517139AB167007044DC /* libusb.dylib */;
			productType = "com.apple.product-type.library.dynamic";
		};
		524B49BA13949EDA00E16B56 /* iusbcomm */ = {
			isa = PBXNativeTarget;
			buildConfigurationList = 524B49BC13949EDA00E16B56 /* Build configuration list for PBXNativeTarget "iusbcomm" */;
			buildPhases = (
				524B49B713949EDA00E16B56 /* Sources */,
				524B49B813949EDA00E16B56 /* Frameworks */,
				524B49B913949EDA00E16B56 /* Headers */,
			);
			buildRules = (
			);
			dependencies = (
			);
			name = iusbcomm;
			productName = iusbcomm;
			productReference = 524B49BB13949EDA00E16B56 /* libiusbcomm.dylib */;
			productType = "com.apple.product-type.library.dynamic";
		};
		524B49D613949F6A00E16B56 /* libluckycharms */ = {
			isa = PBXNativeTarget;
			buildConfigurationList = 524B49DC13949F6A00E16B56 /* Build configuration list for PBXNativeTarget "libluckycharms" */;
			buildPhases = (
				524B49D313949F6A00E16B56 /* Sources */,
				524B49D413949F6A00E16B56 /* Frameworks */,
				524B49D513949F6A00E16B56 /* Headers */,
			);
			buildRules = (
			);
			dependencies = (
			);
			name = libluckycharms;
			productName = libluckycharms;
			productReference = 524B49D713949F6A00E16B56 /* libluckycharms.dylib */;
			productType = "com.apple.product-type.library.dynamic";
		};
		52B897201394460400C852D7 /* EnterRecovery */ = {
			isa = PBXNativeTarget;
			buildConfigurationList = 52B8972A1394460400C852D7 /* Build configuration list for PBXNativeTarget "EnterRecovery" */;
			buildPhases = (
				52B8971D1394460400C852D7 /* Sources */,
				52B8971E1394460400C852D7 /* Frameworks */,
				52B8971F1394460400C852D7 /* Resources */,
			);
			buildRules = (
			);
			dependencies = (
			);
			name = EnterRecovery;
			productName = EnterRecovery;
			productReference = 52B897211394460400C852D7 /* EnterRecovery.bundle */;
			productType = "com.apple.product-type.bundle";
		};
		52B8B4691394048A0099335A /* libleprechaun */ = {
			isa = PBXNativeTarget;
			buildConfigurationList = 52B8B4701394048B0099335A /* Build configuration list for PBXNativeTarget "libleprechaun" */;
			buildPhases = (
				52B8B4661394048A0099335A /* Sources */,
				52B8B4671394048A0099335A /* Frameworks */,
				52B8B4681394048A0099335A /* Headers */,
			);
			buildRules = (
			);
			dependencies = (
			);
			name = libleprechaun;
			productName = libleprechaun;
			productReference = 52B8B46A1394048A0099335A /* libleprechaun.dylib */;
			productType = "com.apple.product-type.library.dynamic";
		};
		52E974861393053500535F7C /* Rainbow */ = {
			isa = PBXNativeTarget;
			buildConfigurationList = 52E974B91393053500535F7C /* Build configuration list for PBXNativeTarget "Rainbow" */;
			buildPhases = (
				52E974831393053500535F7C /* Sources */,
				52E974841393053500535F7C /* Frameworks */,
				52E974851393053500535F7C /* Resources */,
				52AB55D91394090100195CD1 /* Copy Libraries */,
				528BDD16139701CB00C10C65 /* Copy Modules */,
			);
			buildRules = (
			);
			dependencies = (
				524B49E113949F9D00E16B56 /* PBXTargetDependency */,
				52B8971C139437AC00C852D7 /* PBXTargetDependency */,
				524B49CE13949F3000E16B56 /* PBXTargetDependency */,
				5232B533139AB220007044DC /* PBXTargetDependency */,
				5232B535139AB223007044DC /* PBXTargetDependency */,
				52B897321394476D00C852D7 /* PBXTargetDependency */,
				5232B537139AB227007044DC /* PBXTargetDependency */,
			);
			name = Rainbow;
			productName = Rainbow;
			productReference = 52E974871393053500535F7C /* Rainbow.app */;
			productType = "com.apple.product-type.application";
		};
/* End PBXNativeTarget section */

/* Begin PBXProject section */
		52E9747E1393053500535F7C /* Project object */ = {
			isa = PBXProject;
			attributes = {
				ORGANIZATIONNAME = "Springfield High School";
			};
			buildConfigurationList = 52E974811393053500535F7C /* Build configuration list for PBXProject "Rainbow" */;
			compatibilityVersion = "Xcode 3.2";
			developmentRegion = English;
			hasScannedForEncodings = 0;
			knownRegions = (
				en,
			);
			mainGroup = 52E9747C1393053500535F7C;
			productRefGroup = 52E974881393053500535F7C /* Products */;
			projectDirPath = "";
			projectRoot = "";
			targets = (
				52E974861393053500535F7C /* Rainbow */,
				52B8B4691394048A0099335A /* libleprechaun */,
				524B49BA13949EDA00E16B56 /* iusbcomm */,
				524B49D613949F6A00E16B56 /* libluckycharms */,
				5232B516139AB167007044DC /* usb */,
				5232B50B139AB0EB007044DC /* irecovery */,
				52B897201394460400C852D7 /* EnterRecovery */,
				5232B4EE139AB067007044DC /* GUiRecovery */,
			);
		};
/* End PBXProject section */

/* Begin PBXResourcesBuildPhase section */
		5232B4ED139AB067007044DC /* Resources */ = {
			isa = PBXResourcesBuildPhase;
			buildActionMask = 2147483647;
			files = (
				5232B4F6139AB067007044DC /* InfoPlist.strings in Resources */,
				5232B4FF139AB087007044DC /* GUiRecovery.xib in Resources */,
			);
			runOnlyForDeploymentPostprocessing = 0;
		};
		52B8971F1394460400C852D7 /* Resources */ = {
			isa = PBXResourcesBuildPhase;
			buildActionMask = 2147483647;
			files = (
				52B897281394460400C852D7 /* InfoPlist.strings in Resources */,
				524B499913946CCB00E16B56 /* EnterRecovery.xib in Resources */,
			);
			runOnlyForDeploymentPostprocessing = 0;
		};
		52E974851393053500535F7C /* Resources */ = {
			isa = PBXResourcesBuildPhase;
			buildActionMask = 2147483647;
			files = (
				52E974961393053500535F7C /* InfoPlist.strings in Resources */,
				52E9749C1393053500535F7C /* Credits.rtf in Resources */,
				52E974A21393053500535F7C /* Rainbow.xib in Resources */,
				5226071E139C868A00AC5A65 /* green-circle.png in Resources */,
				52260720139C868A00AC5A65 /* red-circle.png in Resources */,
				52260722139C893800AC5A65 /* yellow-circle.png in Resources */,
			);
			runOnlyForDeploymentPostprocessing = 0;
		};
/* End PBXResourcesBuildPhase section */

/* Begin PBXSourcesBuildPhase section */
		5232B4EB139AB067007044DC /* Sources */ = {
			isa = PBXSourcesBuildPhase;
			buildActionMask = 2147483647;
			files = (
				5232B4FD139AB07B007044DC /* GUiRecovery.m in Sources */,
			);
			runOnlyForDeploymentPostprocessing = 0;
		};
		5232B508139AB0EB007044DC /* Sources */ = {
			isa = PBXSourcesBuildPhase;
			buildActionMask = 2147483647;
			files = (
				5232B57E139AB3BB007044DC /* libirecovery.c in Sources */,
			);
			runOnlyForDeploymentPostprocessing = 0;
		};
		5232B513139AB167007044DC /* Sources */ = {
			isa = PBXSourcesBuildPhase;
			buildActionMask = 2147483647;
			files = (
				5232B573139AB385007044DC /* core.c in Sources */,
				5232B574139AB385007044DC /* darwin_usb.c in Sources */,
				5232B576139AB385007044DC /* descriptor.c in Sources */,
				5232B577139AB385007044DC /* io.c in Sources */,
				5232B57A139AB385007044DC /* sync.c in Sources */,
			);
			runOnlyForDeploymentPostprocessing = 0;
		};
		524B49B713949EDA00E16B56 /* Sources */ = {
			isa = PBXSourcesBuildPhase;
			buildActionMask = 2147483647;
			files = (
				524B49EF1394A0E600E16B56 /* helper.c in Sources */,
				524B49F11394A0E600E16B56 /* listen.c in Sources */,
				524B49F31394A0E600E16B56 /* recovery.c in Sources */,
			);
			runOnlyForDeploymentPostprocessing = 0;
		};
		524B49D313949F6A00E16B56 /* Sources */ = {
			isa = PBXSourcesBuildPhase;
			buildActionMask = 2147483647;
			files = (
				524B49FC1394A15D00E16B56 /* MDDeviceManager.m in Sources */,
				524B49FF1394A15D00E16B56 /* MDNotificationCenter.m in Sources */,
			);
			runOnlyForDeploymentPostprocessing = 0;
		};
		52B8971D1394460400C852D7 /* Sources */ = {
			isa = PBXSourcesBuildPhase;
			buildActionMask = 2147483647;
			files = (
				52B897301394464E00C852D7 /* Module.m in Sources */,
			);
			runOnlyForDeploymentPostprocessing = 0;
		};
		52B8B4661394048A0099335A /* Sources */ = {
			isa = PBXSourcesBuildPhase;
			buildActionMask = 2147483647;
			files = (
				52AB55D71394051700195CD1 /* Leprechaun.m in Sources */,
			);
			runOnlyForDeploymentPostprocessing = 0;
		};
		52E974831393053500535F7C /* Sources */ = {
			isa = PBXSourcesBuildPhase;
			buildActionMask = 2147483647;
			files = (
				52E974991393053500535F7C /* main.m in Sources */,
				52E9749F1393053500535F7C /* RainbowAppDelegate.m in Sources */,
				52AB55F613941A3900195CD1 /* LeprechaunPuncher.m in Sources */,
				5232B4A1139A17F6007044DC /* LogTableHelper.m in Sources */,
			);
			runOnlyForDeploymentPostprocessing = 0;
		};
/* End PBXSourcesBuildPhase section */

/* Begin PBXTargetDependency section */
		5232B51F139AB19A007044DC /* PBXTargetDependency */ = {
			isa = PBXTargetDependency;
			target = 5232B516139AB167007044DC /* usb */;
			targetProxy = 5232B51E139AB19A007044DC /* PBXContainerItemProxy */;
		};
		5232B533139AB220007044DC /* PBXTargetDependency */ = {
			isa = PBXTargetDependency;
			target = 5232B516139AB167007044DC /* usb */;
			targetProxy = 5232B532139AB220007044DC /* PBXContainerItemProxy */;
		};
		5232B535139AB223007044DC /* PBXTargetDependency */ = {
			isa = PBXTargetDependency;
			target = 5232B50B139AB0EB007044DC /* irecovery */;
			targetProxy = 5232B534139AB223007044DC /* PBXContainerItemProxy */;
		};
		5232B537139AB227007044DC /* PBXTargetDependency */ = {
			isa = PBXTargetDependency;
			target = 5232B4EE139AB067007044DC /* GUiRecovery */;
			targetProxy = 5232B536139AB227007044DC /* PBXContainerItemProxy */;
		};
		524B49CE13949F3000E16B56 /* PBXTargetDependency */ = {
			isa = PBXTargetDependency;
			target = 524B49BA13949EDA00E16B56 /* iusbcomm */;
			targetProxy = 524B49CD13949F3000E16B56 /* PBXContainerItemProxy */;
		};
		524B49E113949F9D00E16B56 /* PBXTargetDependency */ = {
			isa = PBXTargetDependency;
			target = 524B49D613949F6A00E16B56 /* libluckycharms */;
			targetProxy = 524B49E013949F9D00E16B56 /* PBXContainerItemProxy */;
		};
		52B8971C139437AC00C852D7 /* PBXTargetDependency */ = {
			isa = PBXTargetDependency;
			target = 52B8B4691394048A0099335A /* libleprechaun */;
			targetProxy = 52B8971B139437AC00C852D7 /* PBXContainerItemProxy */;
		};
		52B897321394476D00C852D7 /* PBXTargetDependency */ = {
			isa = PBXTargetDependency;
			target = 52B897201394460400C852D7 /* EnterRecovery */;
			targetProxy = 52B897311394476D00C852D7 /* PBXContainerItemProxy */;
		};
/* End PBXTargetDependency section */

/* Begin PBXVariantGroup section */
		5232B4F4139AB067007044DC /* InfoPlist.strings */ = {
			isa = PBXVariantGroup;
			children = (
				5232B4F5139AB067007044DC /* en */,
			);
			name = InfoPlist.strings;
			sourceTree = "<group>";
		};
		52B897261394460400C852D7 /* InfoPlist.strings */ = {
			isa = PBXVariantGroup;
			children = (
				52B897271394460400C852D7 /* en */,
			);
			name = InfoPlist.strings;
			sourceTree = "<group>";
		};
		52E974941393053500535F7C /* InfoPlist.strings */ = {
			isa = PBXVariantGroup;
			children = (
				52E974951393053500535F7C /* en */,
			);
			name = InfoPlist.strings;
			sourceTree = "<group>";
		};
		52E9749A1393053500535F7C /* Credits.rtf */ = {
			isa = PBXVariantGroup;
			children = (
				52E9749B1393053500535F7C /* en */,
			);
			name = Credits.rtf;
			sourceTree = "<group>";
		};
		52E974A01393053500535F7C /* Rainbow.xib */ = {
			isa = PBXVariantGroup;
			children = (
				52E974A11393053500535F7C /* en */,
			);
			name = Rainbow.xib;
			sourceTree = "<group>";
		};
/* End PBXVariantGroup section */

/* Begin XCBuildConfiguration section */
		5232B4F9139AB067007044DC /* Debug */ = {
			isa = XCBuildConfiguration;
			buildSettings = {
				ALWAYS_SEARCH_USER_PATHS = NO;
				COPY_PHASE_STRIP = NO;
				GCC_DYNAMIC_NO_PIC = NO;
				GCC_ENABLE_OBJC_EXCEPTIONS = YES;
				GCC_PRECOMPILE_PREFIX_HEADER = YES;
				GCC_PREFIX_HEADER = "GUiRecovery/GUiRecovery-Prefix.pch";
				INFOPLIST_FILE = "GUiRecovery/GUiRecovery-Info.plist";
				INSTALL_PATH = "$(LOCAL_LIBRARY_DIR)/Bundles";
				PRODUCT_NAME = "$(TARGET_NAME)";
				WRAPPER_EXTENSION = bundle;
			};
			name = Debug;
		};
		5232B4FA139AB067007044DC /* Release */ = {
			isa = XCBuildConfiguration;
			buildSettings = {
				ALWAYS_SEARCH_USER_PATHS = NO;
				COPY_PHASE_STRIP = YES;
				DEBUG_INFORMATION_FORMAT = "dwarf-with-dsym";
				GCC_ENABLE_OBJC_EXCEPTIONS = YES;
				GCC_PRECOMPILE_PREFIX_HEADER = YES;
				GCC_PREFIX_HEADER = "GUiRecovery/GUiRecovery-Prefix.pch";
				INFOPLIST_FILE = "GUiRecovery/GUiRecovery-Info.plist";
				INSTALL_PATH = "$(LOCAL_LIBRARY_DIR)/Bundles";
				PRODUCT_NAME = "$(TARGET_NAME)";
				WRAPPER_EXTENSION = bundle;
			};
			name = Release;
		};
		5232B50E139AB0EB007044DC /* Debug */ = {
			isa = XCBuildConfiguration;
			buildSettings = {
				ALWAYS_SEARCH_USER_PATHS = NO;
				COPY_PHASE_STRIP = NO;
				EXECUTABLE_PREFIX = lib;
				GCC_DYNAMIC_NO_PIC = NO;
				GCC_ENABLE_OBJC_EXCEPTIONS = YES;
				GCC_WARN_INHIBIT_ALL_WARNINGS = YES;
				HEADER_SEARCH_PATHS = "";
				LD_DYLIB_INSTALL_NAME = "@rpath/libirecovery.dylib";
				PRODUCT_NAME = "$(TARGET_NAME)";
				RUN_CLANG_STATIC_ANALYZER = NO;
			};
			name = Debug;
		};
		5232B50F139AB0EB007044DC /* Release */ = {
			isa = XCBuildConfiguration;
			buildSettings = {
				ALWAYS_SEARCH_USER_PATHS = NO;
				COPY_PHASE_STRIP = YES;
				DEBUG_INFORMATION_FORMAT = "dwarf-with-dsym";
				EXECUTABLE_PREFIX = lib;
				GCC_ENABLE_OBJC_EXCEPTIONS = YES;
				GCC_WARN_INHIBIT_ALL_WARNINGS = YES;
				HEADER_SEARCH_PATHS = "";
				LD_DYLIB_INSTALL_NAME = "@rpath/libirecovery.dylib";
				PRODUCT_NAME = "$(TARGET_NAME)";
				RUN_CLANG_STATIC_ANALYZER = NO;
			};
			name = Release;
		};
		5232B519139AB167007044DC /* Debug */ = {
			isa = XCBuildConfiguration;
			buildSettings = {
				ALWAYS_SEARCH_USER_PATHS = NO;
				COPY_PHASE_STRIP = NO;
				EXECUTABLE_PREFIX = lib;
				GCC_DYNAMIC_NO_PIC = NO;
				GCC_ENABLE_OBJC_EXCEPTIONS = YES;
				GCC_WARN_INHIBIT_ALL_WARNINGS = YES;
				LD_DYLIB_INSTALL_NAME = "@rpath/libusb.dylib";
				PRODUCT_NAME = "$(TARGET_NAME)";
				RUN_CLANG_STATIC_ANALYZER = NO;
			};
			name = Debug;
		};
		5232B51A139AB167007044DC /* Release */ = {
			isa = XCBuildConfiguration;
			buildSettings = {
				ALWAYS_SEARCH_USER_PATHS = NO;
				COPY_PHASE_STRIP = YES;
				DEBUG_INFORMATION_FORMAT = "dwarf-with-dsym";
				EXECUTABLE_PREFIX = lib;
				GCC_ENABLE_OBJC_EXCEPTIONS = YES;
				GCC_WARN_INHIBIT_ALL_WARNINGS = YES;
				LD_DYLIB_INSTALL_NAME = "@rpath/libusb.dylib";
				PRODUCT_NAME = "$(TARGET_NAME)";
				RUN_CLANG_STATIC_ANALYZER = NO;
			};
			name = Release;
		};
		524B49BD13949EDA00E16B56 /* Debug */ = {
			isa = XCBuildConfiguration;
			buildSettings = {
				ALWAYS_SEARCH_USER_PATHS = NO;
				COPY_PHASE_STRIP = NO;
				EXECUTABLE_PREFIX = lib;
				GCC_DYNAMIC_NO_PIC = NO;
				GCC_ENABLE_OBJC_EXCEPTIONS = YES;
				GCC_WARN_INHIBIT_ALL_WARNINGS = YES;
				LD_DYLIB_INSTALL_NAME = "@rpath/libiusbcomm.dylib";
				ONLY_ACTIVE_ARCH = NO;
				PRODUCT_NAME = "$(TARGET_NAME)";
				RUN_CLANG_STATIC_ANALYZER = NO;
			};
			name = Debug;
		};
		524B49BE13949EDA00E16B56 /* Release */ = {
			isa = XCBuildConfiguration;
			buildSettings = {
				ALWAYS_SEARCH_USER_PATHS = NO;
				COPY_PHASE_STRIP = YES;
				DEBUG_INFORMATION_FORMAT = "dwarf-with-dsym";
				EXECUTABLE_PREFIX = lib;
				GCC_ENABLE_OBJC_EXCEPTIONS = YES;
				GCC_WARN_INHIBIT_ALL_WARNINGS = YES;
				LD_DYLIB_INSTALL_NAME = "@rpath/libiusbcomm.dylib";
				ONLY_ACTIVE_ARCH = YES;
				PRODUCT_NAME = "$(TARGET_NAME)";
				RUN_CLANG_STATIC_ANALYZER = NO;
			};
			name = Release;
		};
		524B49DD13949F6A00E16B56 /* Debug */ = {
			isa = XCBuildConfiguration;
			buildSettings = {
				ALWAYS_SEARCH_USER_PATHS = NO;
				COPY_PHASE_STRIP = NO;
				DYLIB_COMPATIBILITY_VERSION = 1;
				DYLIB_CURRENT_VERSION = 1;
				FRAMEWORK_SEARCH_PATHS = (
					"$(inherited)",
					"\"$(SYSTEM_LIBRARY_DIR)/PrivateFrameworks\"",
				);
				GCC_DYNAMIC_NO_PIC = NO;
				GCC_ENABLE_OBJC_EXCEPTIONS = YES;
				GCC_PRECOMPILE_PREFIX_HEADER = YES;
				GCC_PREFIX_HEADER = "libluckycharms/libluckycharms-Prefix.pch";
				LD_DYLIB_INSTALL_NAME = "@rpath/libluckycharms.dylib";
				ONLY_ACTIVE_ARCH = NO;
				PRODUCT_NAME = "$(TARGET_NAME)";
			};
			name = Debug;
		};
		524B49DE13949F6A00E16B56 /* Release */ = {
			isa = XCBuildConfiguration;
			buildSettings = {
				ALWAYS_SEARCH_USER_PATHS = NO;
				COPY_PHASE_STRIP = YES;
				DEBUG_INFORMATION_FORMAT = "dwarf-with-dsym";
				DYLIB_COMPATIBILITY_VERSION = 1;
				DYLIB_CURRENT_VERSION = 1;
				FRAMEWORK_SEARCH_PATHS = (
					"$(inherited)",
					"\"$(SYSTEM_LIBRARY_DIR)/PrivateFrameworks\"",
				);
				GCC_ENABLE_OBJC_EXCEPTIONS = YES;
				GCC_PRECOMPILE_PREFIX_HEADER = YES;
				GCC_PREFIX_HEADER = "libluckycharms/libluckycharms-Prefix.pch";
				LD_DYLIB_INSTALL_NAME = "@rpath/libluckycharms.dylib";
				ONLY_ACTIVE_ARCH = YES;
				PRODUCT_NAME = "$(TARGET_NAME)";
			};
			name = Release;
		};
		52B8972B1394460400C852D7 /* Debug */ = {
			isa = XCBuildConfiguration;
			buildSettings = {
				ALWAYS_SEARCH_USER_PATHS = NO;
				COPY_PHASE_STRIP = NO;
				FRAMEWORK_SEARCH_PATHS = (
					"$(inherited)",
					"\"$(SYSTEM_LIBRARY_DIR)/PrivateFrameworks\"",
				);
				GCC_DYNAMIC_NO_PIC = NO;
				GCC_ENABLE_OBJC_EXCEPTIONS = YES;
				GCC_PRECOMPILE_PREFIX_HEADER = YES;
				GCC_PREFIX_HEADER = "EnterRecovery/EnterRecovery-Prefix.pch";
				INFOPLIST_FILE = "EnterRecovery/EnterRecovery-Info.plist";
				INSTALL_PATH = "$(LOCAL_LIBRARY_DIR)/Bundles";
				ONLY_ACTIVE_ARCH = NO;
				PRODUCT_NAME = "$(TARGET_NAME)";
				RUN_CLANG_STATIC_ANALYZER = NO;
				WRAPPER_EXTENSION = bundle;
			};
			name = Debug;
		};
		52B8972C1394460400C852D7 /* Release */ = {
			isa = XCBuildConfiguration;
			buildSettings = {
				ALWAYS_SEARCH_USER_PATHS = NO;
				COPY_PHASE_STRIP = YES;
				DEBUG_INFORMATION_FORMAT = "dwarf-with-dsym";
				FRAMEWORK_SEARCH_PATHS = (
					"$(inherited)",
					"\"$(SYSTEM_LIBRARY_DIR)/PrivateFrameworks\"",
				);
				GCC_ENABLE_OBJC_EXCEPTIONS = YES;
				GCC_PRECOMPILE_PREFIX_HEADER = YES;
				GCC_PREFIX_HEADER = "EnterRecovery/EnterRecovery-Prefix.pch";
				INFOPLIST_FILE = "EnterRecovery/EnterRecovery-Info.plist";
				INSTALL_PATH = "$(LOCAL_LIBRARY_DIR)/Bundles";
				ONLY_ACTIVE_ARCH = YES;
				PRODUCT_NAME = "$(TARGET_NAME)";
				RUN_CLANG_STATIC_ANALYZER = NO;
				WRAPPER_EXTENSION = bundle;
			};
			name = Release;
		};
		52B8B4711394048B0099335A /* Debug */ = {
			isa = XCBuildConfiguration;
			buildSettings = {
				ALWAYS_SEARCH_USER_PATHS = NO;
				COPY_PHASE_STRIP = NO;
				DYLIB_COMPATIBILITY_VERSION = 1;
				DYLIB_CURRENT_VERSION = 1;
				FRAMEWORK_SEARCH_PATHS = (
					"$(inherited)",
					"\"$(SYSTEM_LIBRARY_DIR)/PrivateFrameworks\"",
				);
				GCC_DYNAMIC_NO_PIC = NO;
				GCC_ENABLE_OBJC_EXCEPTIONS = YES;
				GCC_PRECOMPILE_PREFIX_HEADER = YES;
				GCC_PREFIX_HEADER = "libleprechaun/libleprechaun-Prefix.pch";
				LD_DYLIB_INSTALL_NAME = "@rpath/libleprechaun.dylib";
				ONLY_ACTIVE_ARCH = NO;
				PRODUCT_NAME = "$(TARGET_NAME)";
			};
			name = Debug;
		};
		52B8B4721394048B0099335A /* Release */ = {
			isa = XCBuildConfiguration;
			buildSettings = {
				ALWAYS_SEARCH_USER_PATHS = NO;
				COPY_PHASE_STRIP = YES;
				DEBUG_INFORMATION_FORMAT = "dwarf-with-dsym";
				DYLIB_COMPATIBILITY_VERSION = 1;
				DYLIB_CURRENT_VERSION = 1;
				FRAMEWORK_SEARCH_PATHS = (
					"$(inherited)",
					"\"$(SYSTEM_LIBRARY_DIR)/PrivateFrameworks\"",
				);
				GCC_ENABLE_OBJC_EXCEPTIONS = YES;
				GCC_PRECOMPILE_PREFIX_HEADER = YES;
				GCC_PREFIX_HEADER = "libleprechaun/libleprechaun-Prefix.pch";
				LD_DYLIB_INSTALL_NAME = "@rpath/libleprechaun.dylib";
				ONLY_ACTIVE_ARCH = YES;
				PRODUCT_NAME = "$(TARGET_NAME)";
			};
			name = Release;
		};
		52E974B71393053500535F7C /* Debug */ = {
			isa = XCBuildConfiguration;
			buildSettings = {
				ARCHS = "$(ARCHS_STANDARD_32_64_BIT)";
				GCC_C_LANGUAGE_STANDARD = gnu99;
				GCC_OPTIMIZATION_LEVEL = 0;
				GCC_PREPROCESSOR_DEFINITIONS = DEBUG;
				GCC_SYMBOLS_PRIVATE_EXTERN = NO;
				GCC_VERSION = com.apple.compilers.llvm.clang.1_0;
				GCC_WARN_64_TO_32_BIT_CONVERSION = YES;
				GCC_WARN_ABOUT_RETURN_TYPE = YES;
				GCC_WARN_UNUSED_VARIABLE = YES;
				MACOSX_DEPLOYMENT_TARGET = 10.6;
				ONLY_ACTIVE_ARCH = YES;
				RUN_CLANG_STATIC_ANALYZER = YES;
				SDKROOT = macosx;
			};
			name = Debug;
		};
		52E974B81393053500535F7C /* Release */ = {
			isa = XCBuildConfiguration;
			buildSettings = {
				ARCHS = "$(ARCHS_STANDARD_32_64_BIT)";
				GCC_C_LANGUAGE_STANDARD = gnu99;
				GCC_VERSION = com.apple.compilers.llvm.clang.1_0;
				GCC_WARN_64_TO_32_BIT_CONVERSION = YES;
				GCC_WARN_ABOUT_RETURN_TYPE = YES;
				GCC_WARN_UNUSED_VARIABLE = YES;
				MACOSX_DEPLOYMENT_TARGET = 10.6;
				RUN_CLANG_STATIC_ANALYZER = YES;
				SDKROOT = macosx;
			};
			name = Release;
		};
		52E974BA1393053500535F7C /* Debug */ = {
			isa = XCBuildConfiguration;
			buildSettings = {
				ALWAYS_SEARCH_USER_PATHS = NO;
				COPY_PHASE_STRIP = NO;
				FRAMEWORK_SEARCH_PATHS = (
					"$(inherited)",
					"\"$(SYSTEM_LIBRARY_DIR)/PrivateFrameworks\"",
				);
				GCC_DYNAMIC_NO_PIC = NO;
				GCC_ENABLE_OBJC_EXCEPTIONS = YES;
				GCC_PRECOMPILE_PREFIX_HEADER = YES;
				GCC_PREFIX_HEADER = "Rainbow/Rainbow-Prefix.pch";
				INFOPLIST_FILE = "Rainbow/Rainbow-Info.plist";
				LD_RUNPATH_SEARCH_PATHS = "@executable_path/../Libraries";
				ONLY_ACTIVE_ARCH = NO;
				PRODUCT_NAME = "$(TARGET_NAME)";
				RUN_CLANG_STATIC_ANALYZER = NO;
				WRAPPER_EXTENSION = app;
			};
			name = Debug;
		};
		52E974BB1393053500535F7C /* Release */ = {
			isa = XCBuildConfiguration;
			buildSettings = {
				ALWAYS_SEARCH_USER_PATHS = NO;
				COPY_PHASE_STRIP = YES;
				DEBUG_INFORMATION_FORMAT = "dwarf-with-dsym";
				FRAMEWORK_SEARCH_PATHS = (
					"$(inherited)",
					"\"$(SYSTEM_LIBRARY_DIR)/PrivateFrameworks\"",
				);
				GCC_ENABLE_OBJC_EXCEPTIONS = YES;
				GCC_PRECOMPILE_PREFIX_HEADER = YES;
				GCC_PREFIX_HEADER = "Rainbow/Rainbow-Prefix.pch";
				INFOPLIST_FILE = "Rainbow/Rainbow-Info.plist";
				LD_RUNPATH_SEARCH_PATHS = "@executable_path/../Libraries";
				ONLY_ACTIVE_ARCH = YES;
				PRODUCT_NAME = "$(TARGET_NAME)";
				RUN_CLANG_STATIC_ANALYZER = NO;
				WRAPPER_EXTENSION = app;
			};
			name = Release;
		};
/* End XCBuildConfiguration section */

/* Begin XCConfigurationList section */
		5232B4F8139AB067007044DC /* Build configuration list for PBXNativeTarget "GUiRecovery" */ = {
			isa = XCConfigurationList;
			buildConfigurations = (
				5232B4F9139AB067007044DC /* Debug */,
				5232B4FA139AB067007044DC /* Release */,
			);
			defaultConfigurationIsVisible = 0;
			defaultConfigurationName = Release;
		};
		5232B50D139AB0EB007044DC /* Build configuration list for PBXNativeTarget "irecovery" */ = {
			isa = XCConfigurationList;
			buildConfigurations = (
				5232B50E139AB0EB007044DC /* Debug */,
				5232B50F139AB0EB007044DC /* Release */,
			);
			defaultConfigurationIsVisible = 0;
			defaultConfigurationName = Release;
		};
		5232B518139AB167007044DC /* Build configuration list for PBXNativeTarget "usb" */ = {
			isa = XCConfigurationList;
			buildConfigurations = (
				5232B519139AB167007044DC /* Debug */,
				5232B51A139AB167007044DC /* Release */,
			);
			defaultConfigurationIsVisible = 0;
			defaultConfigurationName = Release;
		};
		524B49BC13949EDA00E16B56 /* Build configuration list for PBXNativeTarget "iusbcomm" */ = {
			isa = XCConfigurationList;
			buildConfigurations = (
				524B49BD13949EDA00E16B56 /* Debug */,
				524B49BE13949EDA00E16B56 /* Release */,
			);
			defaultConfigurationIsVisible = 0;
			defaultConfigurationName = Release;
		};
		524B49DC13949F6A00E16B56 /* Build configuration list for PBXNativeTarget "libluckycharms" */ = {
			isa = XCConfigurationList;
			buildConfigurations = (
				524B49DD13949F6A00E16B56 /* Debug */,
				524B49DE13949F6A00E16B56 /* Release */,
			);
			defaultConfigurationIsVisible = 0;
			defaultConfigurationName = Release;
		};
		52B8972A1394460400C852D7 /* Build configuration list for PBXNativeTarget "EnterRecovery" */ = {
			isa = XCConfigurationList;
			buildConfigurations = (
				52B8972B1394460400C852D7 /* Debug */,
				52B8972C1394460400C852D7 /* Release */,
			);
			defaultConfigurationIsVisible = 0;
			defaultConfigurationName = Release;
		};
		52B8B4701394048B0099335A /* Build configuration list for PBXNativeTarget "libleprechaun" */ = {
			isa = XCConfigurationList;
			buildConfigurations = (
				52B8B4711394048B0099335A /* Debug */,
				52B8B4721394048B0099335A /* Release */,
			);
			defaultConfigurationIsVisible = 0;
			defaultConfigurationName = Release;
		};
		52E974811393053500535F7C /* Build configuration list for PBXProject "Rainbow" */ = {
			isa = XCConfigurationList;
			buildConfigurations = (
				52E974B71393053500535F7C /* Debug */,
				52E974B81393053500535F7C /* Release */,
			);
			defaultConfigurationIsVisible = 0;
			defaultConfigurationName = Release;
		};
		52E974B91393053500535F7C /* Build configuration list for PBXNativeTarget "Rainbow" */ = {
			isa = XCConfigurationList;
			buildConfigurations = (
				52E974BA1393053500535F7C /* Debug */,
				52E974BB1393053500535F7C /* Release */,
			);
			defaultConfigurationIsVisible = 0;
			defaultConfigurationName = Release;
		};
/* End XCConfigurationList section */
	};
	rootObject = 52E9747E1393053500535F7C /* Project object */;
}
