// !$*UTF8*$!
{
	archiveVersion = 1;
	classes = {
	};
	objectVersion = 46;
	objects = {

/* Begin PBXBuildFile section */
		524B49961394586200E16B56 /* MDDeviceManager.m in Sources */ = {isa = PBXBuildFile; fileRef = 52B8B431139307A40099335A /* MDDeviceManager.m */; };
		524B49971394586400E16B56 /* MDNotificationCenter.m in Sources */ = {isa = PBXBuildFile; fileRef = 52B8B434139307A40099335A /* MDNotificationCenter.m */; };
		524B499913946CCB00E16B56 /* EnterRecovery.xib in Resources */ = {isa = PBXBuildFile; fileRef = 524B499813946CCB00E16B56 /* EnterRecovery.xib */; };
		52AB55D61394051700195CD1 /* Leprechaun.h in Headers */ = {isa = PBXBuildFile; fileRef = 52AB55D41394051700195CD1 /* Leprechaun.h */; };
		52AB55D71394051700195CD1 /* Leprechaun.m in Sources */ = {isa = PBXBuildFile; fileRef = 52AB55D51394051700195CD1 /* Leprechaun.m */; };
		52AB55D8139408F300195CD1 /* libleprechaun.dylib in Frameworks */ = {isa = PBXBuildFile; fileRef = 52B8B46A1394048A0099335A /* libleprechaun.dylib */; };
		52AB55DA1394093800195CD1 /* libleprechaun.dylib in Copy Libraries */ = {isa = PBXBuildFile; fileRef = 52B8B46A1394048A0099335A /* libleprechaun.dylib */; };
		52AB55F613941A3900195CD1 /* LeprechaunPuncher.m in Sources */ = {isa = PBXBuildFile; fileRef = 52AB55F513941A3900195CD1 /* LeprechaunPuncher.m */; };
		52AB55F913941C9800195CD1 /* green-orb.png in Resources */ = {isa = PBXBuildFile; fileRef = 52AB55F713941C9800195CD1 /* green-orb.png */; };
		52AB55FA13941C9800195CD1 /* red-orb.png in Resources */ = {isa = PBXBuildFile; fileRef = 52AB55F813941C9800195CD1 /* red-orb.png */; };
		52B897221394460400C852D7 /* Cocoa.framework in Frameworks */ = {isa = PBXBuildFile; fileRef = 52E9748B1393053500535F7C /* Cocoa.framework */; };
		52B897281394460400C852D7 /* InfoPlist.strings in Resources */ = {isa = PBXBuildFile; fileRef = 52B897261394460400C852D7 /* InfoPlist.strings */; };
		52B8972D1394461D00C852D7 /* libleprechaun.dylib in Frameworks */ = {isa = PBXBuildFile; fileRef = 52B8B46A1394048A0099335A /* libleprechaun.dylib */; };
		52B897301394464E00C852D7 /* Module.m in Sources */ = {isa = PBXBuildFile; fileRef = 52B8972F1394464E00C852D7 /* Module.m */; };
		52B89733139447BE00C852D7 /* MobileDevice.framework in Frameworks */ = {isa = PBXBuildFile; fileRef = 52B8B44113930E8D0099335A /* MobileDevice.framework */; };
		52B89734139447E600C852D7 /* EnterRecovery.bundle in Resources */ = {isa = PBXBuildFile; fileRef = 52B897211394460400C852D7 /* EnterRecovery.bundle */; };
		52B8B46B1394048A0099335A /* Cocoa.framework in Frameworks */ = {isa = PBXBuildFile; fileRef = 52E9748B1393053500535F7C /* Cocoa.framework */; };
		52E9748C1393053500535F7C /* Cocoa.framework in Frameworks */ = {isa = PBXBuildFile; fileRef = 52E9748B1393053500535F7C /* Cocoa.framework */; };
		52E974961393053500535F7C /* InfoPlist.strings in Resources */ = {isa = PBXBuildFile; fileRef = 52E974941393053500535F7C /* InfoPlist.strings */; };
		52E974991393053500535F7C /* main.m in Sources */ = {isa = PBXBuildFile; fileRef = 52E974981393053500535F7C /* main.m */; };
		52E9749C1393053500535F7C /* Credits.rtf in Resources */ = {isa = PBXBuildFile; fileRef = 52E9749A1393053500535F7C /* Credits.rtf */; };
		52E9749F1393053500535F7C /* RainbowAppDelegate.m in Sources */ = {isa = PBXBuildFile; fileRef = 52E9749E1393053500535F7C /* RainbowAppDelegate.m */; };
		52E974A21393053500535F7C /* Rainbow.xib in Resources */ = {isa = PBXBuildFile; fileRef = 52E974A01393053500535F7C /* Rainbow.xib */; };
		52EEAA1A13944DCB00C1A205 /* MobileDevice.framework in Frameworks */ = {isa = PBXBuildFile; fileRef = 52B8B44113930E8D0099335A /* MobileDevice.framework */; };
		52EEAA1B13944DDA00C1A205 /* MobileDevice.framework in Frameworks */ = {isa = PBXBuildFile; fileRef = 52B8B44113930E8D0099335A /* MobileDevice.framework */; };
/* End PBXBuildFile section */

/* Begin PBXContainerItemProxy section */
		52B8971B139437AC00C852D7 /* PBXContainerItemProxy */ = {
			isa = PBXContainerItemProxy;
			containerPortal = 52E9747E1393053500535F7C /* Project object */;
			proxyType = 1;
			remoteGlobalIDString = 52B8B4691394048A0099335A;
			remoteInfo = libleprechaun;
		};
		52B897311394476D00C852D7 /* PBXContainerItemProxy */ = {
			isa = PBXContainerItemProxy;
			containerPortal = 52E9747E1393053500535F7C /* Project object */;
			proxyType = 1;
			remoteGlobalIDString = 52B897201394460400C852D7;
			remoteInfo = EnterRecovery;
		};
/* End PBXContainerItemProxy section */

/* Begin PBXCopyFilesBuildPhase section */
		52AB55D91394090100195CD1 /* Copy Libraries */ = {
			isa = PBXCopyFilesBuildPhase;
			buildActionMask = 2147483647;
			dstPath = "";
			dstSubfolderSpec = 7;
			files = (
				52AB55DA1394093800195CD1 /* libleprechaun.dylib in Copy Libraries */,
			);
			name = "Copy Libraries";
			runOnlyForDeploymentPostprocessing = 0;
		};
/* End PBXCopyFilesBuildPhase section */

/* Begin PBXFileReference section */
		524B499813946CCB00E16B56 /* EnterRecovery.xib */ = {isa = PBXFileReference; fileEncoding = 4; lastKnownFileType = file.xib; path = EnterRecovery.xib; sourceTree = "<group>"; };
		52AB55D41394051700195CD1 /* Leprechaun.h */ = {isa = PBXFileReference; fileEncoding = 4; lastKnownFileType = sourcecode.c.h; path = Leprechaun.h; sourceTree = "<group>"; };
		52AB55D51394051700195CD1 /* Leprechaun.m */ = {isa = PBXFileReference; fileEncoding = 4; lastKnownFileType = sourcecode.c.objc; path = Leprechaun.m; sourceTree = "<group>"; };
		52AB55F413941A3900195CD1 /* LeprechaunPuncher.h */ = {isa = PBXFileReference; fileEncoding = 4; lastKnownFileType = sourcecode.c.h; path = LeprechaunPuncher.h; sourceTree = "<group>"; };
		52AB55F513941A3900195CD1 /* LeprechaunPuncher.m */ = {isa = PBXFileReference; fileEncoding = 4; lastKnownFileType = sourcecode.c.objc; path = LeprechaunPuncher.m; sourceTree = "<group>"; };
		52AB55F713941C9800195CD1 /* green-orb.png */ = {isa = PBXFileReference; lastKnownFileType = image.png; path = "green-orb.png"; sourceTree = "<group>"; };
		52AB55F813941C9800195CD1 /* red-orb.png */ = {isa = PBXFileReference; lastKnownFileType = image.png; path = "red-orb.png"; sourceTree = "<group>"; };
		52B897211394460400C852D7 /* EnterRecovery.bundle */ = {isa = PBXFileReference; explicitFileType = wrapper.cfbundle; includeInIndex = 0; path = EnterRecovery.bundle; sourceTree = BUILT_PRODUCTS_DIR; };
		52B897251394460400C852D7 /* EnterRecovery-Info.plist */ = {isa = PBXFileReference; lastKnownFileType = text.plist.xml; path = "EnterRecovery-Info.plist"; sourceTree = "<group>"; };
		52B897271394460400C852D7 /* en */ = {isa = PBXFileReference; lastKnownFileType = text.plist.strings; name = en; path = en.lproj/InfoPlist.strings; sourceTree = "<group>"; };
		52B897291394460400C852D7 /* EnterRecovery-Prefix.pch */ = {isa = PBXFileReference; lastKnownFileType = sourcecode.c.h; path = "EnterRecovery-Prefix.pch"; sourceTree = "<group>"; };
		52B8972E1394464E00C852D7 /* Module.h */ = {isa = PBXFileReference; fileEncoding = 4; lastKnownFileType = sourcecode.c.h; path = Module.h; sourceTree = "<group>"; };
		52B8972F1394464E00C852D7 /* Module.m */ = {isa = PBXFileReference; fileEncoding = 4; lastKnownFileType = sourcecode.c.objc; path = Module.m; sourceTree = "<group>"; };
		52B8B42F139307650099335A /* MobileDevice.h */ = {isa = PBXFileReference; fileEncoding = 4; lastKnownFileType = sourcecode.c.h; path = MobileDevice.h; sourceTree = "<group>"; };
		52B8B430139307A40099335A /* MDDeviceManager.h */ = {isa = PBXFileReference; fileEncoding = 4; lastKnownFileType = sourcecode.c.h; path = MDDeviceManager.h; sourceTree = "<group>"; };
		52B8B431139307A40099335A /* MDDeviceManager.m */ = {isa = PBXFileReference; fileEncoding = 4; lastKnownFileType = sourcecode.c.objc; path = MDDeviceManager.m; sourceTree = "<group>"; };
		52B8B432139307A40099335A /* MDListener.h */ = {isa = PBXFileReference; fileEncoding = 4; lastKnownFileType = sourcecode.c.h; path = MDListener.h; sourceTree = "<group>"; };
		52B8B433139307A40099335A /* MDNotificationCenter.h */ = {isa = PBXFileReference; fileEncoding = 4; lastKnownFileType = sourcecode.c.h; path = MDNotificationCenter.h; sourceTree = "<group>"; };
		52B8B434139307A40099335A /* MDNotificationCenter.m */ = {isa = PBXFileReference; fileEncoding = 4; lastKnownFileType = sourcecode.c.objc; path = MDNotificationCenter.m; sourceTree = "<group>"; };
		52B8B44113930E8D0099335A /* MobileDevice.framework */ = {isa = PBXFileReference; lastKnownFileType = wrapper.framework; name = MobileDevice.framework; path = ../../../../../System/Library/PrivateFrameworks/MobileDevice.framework; sourceTree = "<group>"; };
		52B8B46A1394048A0099335A /* libleprechaun.dylib */ = {isa = PBXFileReference; explicitFileType = "compiled.mach-o.dylib"; includeInIndex = 0; path = libleprechaun.dylib; sourceTree = BUILT_PRODUCTS_DIR; };
		52B8B46C1394048A0099335A /* CoreData.framework */ = {isa = PBXFileReference; lastKnownFileType = wrapper.framework; name = CoreData.framework; path = System/Library/Frameworks/CoreData.framework; sourceTree = SDKROOT; };
		52B8B46F1394048B0099335A /* libleprechaun-Prefix.pch */ = {isa = PBXFileReference; lastKnownFileType = sourcecode.c.h; path = "libleprechaun-Prefix.pch"; sourceTree = "<group>"; };
		52E974871393053500535F7C /* Rainbow.app */ = {isa = PBXFileReference; explicitFileType = wrapper.application; includeInIndex = 0; path = Rainbow.app; sourceTree = BUILT_PRODUCTS_DIR; };
		52E9748B1393053500535F7C /* Cocoa.framework */ = {isa = PBXFileReference; lastKnownFileType = wrapper.framework; name = Cocoa.framework; path = System/Library/Frameworks/Cocoa.framework; sourceTree = SDKROOT; };
		52E9748E1393053500535F7C /* AppKit.framework */ = {isa = PBXFileReference; lastKnownFileType = wrapper.framework; name = AppKit.framework; path = System/Library/Frameworks/AppKit.framework; sourceTree = SDKROOT; };
		52E974901393053500535F7C /* Foundation.framework */ = {isa = PBXFileReference; lastKnownFileType = wrapper.framework; name = Foundation.framework; path = System/Library/Frameworks/Foundation.framework; sourceTree = SDKROOT; };
		52E974931393053500535F7C /* Rainbow-Info.plist */ = {isa = PBXFileReference; lastKnownFileType = text.plist.xml; path = "Rainbow-Info.plist"; sourceTree = "<group>"; };
		52E974951393053500535F7C /* en */ = {isa = PBXFileReference; lastKnownFileType = text.plist.strings; name = en; path = en.lproj/InfoPlist.strings; sourceTree = "<group>"; };
		52E974971393053500535F7C /* Rainbow-Prefix.pch */ = {isa = PBXFileReference; lastKnownFileType = sourcecode.c.h; path = "Rainbow-Prefix.pch"; sourceTree = "<group>"; };
		52E974981393053500535F7C /* main.m */ = {isa = PBXFileReference; lastKnownFileType = sourcecode.c.objc; path = main.m; sourceTree = "<group>"; };
		52E9749B1393053500535F7C /* en */ = {isa = PBXFileReference; lastKnownFileType = text.rtf; name = en; path = en.lproj/Credits.rtf; sourceTree = "<group>"; };
		52E9749D1393053500535F7C /* RainbowAppDelegate.h */ = {isa = PBXFileReference; lastKnownFileType = sourcecode.c.h; path = RainbowAppDelegate.h; sourceTree = "<group>"; };
		52E9749E1393053500535F7C /* RainbowAppDelegate.m */ = {isa = PBXFileReference; lastKnownFileType = sourcecode.c.objc; path = RainbowAppDelegate.m; sourceTree = "<group>"; };
		52E974A11393053500535F7C /* en */ = {isa = PBXFileReference; lastKnownFileType = file.xib; name = en; path = en.lproj/Rainbow.xib; sourceTree = "<group>"; };
/* End PBXFileReference section */

/* Begin PBXFrameworksBuildPhase section */
		52B8971E1394460400C852D7 /* Frameworks */ = {
			isa = PBXFrameworksBuildPhase;
			buildActionMask = 2147483647;
			files = (
				52B897221394460400C852D7 /* Cocoa.framework in Frameworks */,
				52B8972D1394461D00C852D7 /* libleprechaun.dylib in Frameworks */,
				52B89733139447BE00C852D7 /* MobileDevice.framework in Frameworks */,
			);
			runOnlyForDeploymentPostprocessing = 0;
		};
		52B8B4671394048A0099335A /* Frameworks */ = {
			isa = PBXFrameworksBuildPhase;
			buildActionMask = 2147483647;
			files = (
				52B8B46B1394048A0099335A /* Cocoa.framework in Frameworks */,
				52EEAA1A13944DCB00C1A205 /* MobileDevice.framework in Frameworks */,
			);
			runOnlyForDeploymentPostprocessing = 0;
		};
		52E974841393053500535F7C /* Frameworks */ = {
			isa = PBXFrameworksBuildPhase;
			buildActionMask = 2147483647;
			files = (
				52E9748C1393053500535F7C /* Cocoa.framework in Frameworks */,
				52AB55D8139408F300195CD1 /* libleprechaun.dylib in Frameworks */,
				52EEAA1B13944DDA00C1A205 /* MobileDevice.framework in Frameworks */,
			);
			runOnlyForDeploymentPostprocessing = 0;
		};
/* End PBXFrameworksBuildPhase section */

/* Begin PBXGroup section */
		52B897231394460400C852D7 /* EnterRecovery */ = {
			isa = PBXGroup;
			children = (
				52B897241394460400C852D7 /* Supporting Files */,
				52B8972E1394464E00C852D7 /* Module.h */,
				52B8972F1394464E00C852D7 /* Module.m */,
			);
			path = EnterRecovery;
			sourceTree = "<group>";
		};
		52B897241394460400C852D7 /* Supporting Files */ = {
			isa = PBXGroup;
			children = (
				52B897251394460400C852D7 /* EnterRecovery-Info.plist */,
				52B897261394460400C852D7 /* InfoPlist.strings */,
				52B897291394460400C852D7 /* EnterRecovery-Prefix.pch */,
				524B499813946CCB00E16B56 /* EnterRecovery.xib */,
			);
			name = "Supporting Files";
			sourceTree = "<group>";
		};
		52B8B42D1393074D0099335A /* Device Communication */ = {
			isa = PBXGroup;
			children = (
				52B8B432139307A40099335A /* MDListener.h */,
				52B8B430139307A40099335A /* MDDeviceManager.h */,
				52B8B431139307A40099335A /* MDDeviceManager.m */,
				52B8B433139307A40099335A /* MDNotificationCenter.h */,
				52B8B434139307A40099335A /* MDNotificationCenter.m */,
				52B8B42F139307650099335A /* MobileDevice.h */,
			);
			name = "Device Communication";
			path = ../Rainbow;
			sourceTree = "<group>";
		};
		52B8B46D1394048A0099335A /* libleprechaun */ = {
			isa = PBXGroup;
			children = (
				52B8B42D1393074D0099335A /* Device Communication */,
				52AB55D41394051700195CD1 /* Leprechaun.h */,
				52AB55D51394051700195CD1 /* Leprechaun.m */,
				52B8B46E1394048B0099335A /* Supporting Files */,
			);
			path = libleprechaun;
			sourceTree = "<group>";
		};
		52B8B46E1394048B0099335A /* Supporting Files */ = {
			isa = PBXGroup;
			children = (
				52B8B46F1394048B0099335A /* libleprechaun-Prefix.pch */,
			);
			name = "Supporting Files";
			sourceTree = "<group>";
		};
		52E9747C1393053500535F7C = {
			isa = PBXGroup;
			children = (
				52E974911393053500535F7C /* Rainbow */,
				52B8B46D1394048A0099335A /* libleprechaun */,
				52B897231394460400C852D7 /* EnterRecovery */,
				52E9748A1393053500535F7C /* Frameworks */,
				52E974881393053500535F7C /* Products */,
			);
			sourceTree = "<group>";
		};
		52E974881393053500535F7C /* Products */ = {
			isa = PBXGroup;
			children = (
				52E974871393053500535F7C /* Rainbow.app */,
				52B8B46A1394048A0099335A /* libleprechaun.dylib */,
				52B897211394460400C852D7 /* EnterRecovery.bundle */,
			);
			name = Products;
			sourceTree = "<group>";
		};
		52E9748A1393053500535F7C /* Frameworks */ = {
			isa = PBXGroup;
			children = (
				52B8B44113930E8D0099335A /* MobileDevice.framework */,
				52E9748B1393053500535F7C /* Cocoa.framework */,
				52E9748D1393053500535F7C /* Other Frameworks */,
			);
			name = Frameworks;
			sourceTree = "<group>";
		};
		52E9748D1393053500535F7C /* Other Frameworks */ = {
			isa = PBXGroup;
			children = (
				52E9748E1393053500535F7C /* AppKit.framework */,
				52E974901393053500535F7C /* Foundation.framework */,
				52B8B46C1394048A0099335A /* CoreData.framework */,
			);
			name = "Other Frameworks";
			sourceTree = "<group>";
		};
		52E974911393053500535F7C /* Rainbow */ = {
			isa = PBXGroup;
			children = (
				52E9749D1393053500535F7C /* RainbowAppDelegate.h */,
				52E9749E1393053500535F7C /* RainbowAppDelegate.m */,
				52AB55F413941A3900195CD1 /* LeprechaunPuncher.h */,
				52AB55F513941A3900195CD1 /* LeprechaunPuncher.m */,
				52E974A01393053500535F7C /* Rainbow.xib */,
				52E974921393053500535F7C /* Supporting Files */,
			);
			path = Rainbow;
			sourceTree = "<group>";
		};
		52E974921393053500535F7C /* Supporting Files */ = {
			isa = PBXGroup;
			children = (
				52E974931393053500535F7C /* Rainbow-Info.plist */,
				52E974941393053500535F7C /* InfoPlist.strings */,
				52E974971393053500535F7C /* Rainbow-Prefix.pch */,
				52E974981393053500535F7C /* main.m */,
				52E9749A1393053500535F7C /* Credits.rtf */,
				52AB55F713941C9800195CD1 /* green-orb.png */,
				52AB55F813941C9800195CD1 /* red-orb.png */,
			);
			name = "Supporting Files";
			sourceTree = "<group>";
		};
/* End PBXGroup section */

/* Begin PBXHeadersBuildPhase section */
		52B8B4681394048A0099335A /* Headers */ = {
			isa = PBXHeadersBuildPhase;
			buildActionMask = 2147483647;
			files = (
				52AB55D61394051700195CD1 /* Leprechaun.h in Headers */,
			);
			runOnlyForDeploymentPostprocessing = 0;
		};
/* End PBXHeadersBuildPhase section */

/* Begin PBXNativeTarget section */
		52B897201394460400C852D7 /* EnterRecovery */ = {
			isa = PBXNativeTarget;
			buildConfigurationList = 52B8972A1394460400C852D7 /* Build configuration list for PBXNativeTarget "EnterRecovery" */;
			buildPhases = (
				52B8971D1394460400C852D7 /* Sources */,
				52B8971E1394460400C852D7 /* Frameworks */,
				52B8971F1394460400C852D7 /* Resources */,
			);
			buildRules = (
			);
			dependencies = (
			);
			name = EnterRecovery;
			productName = EnterRecovery;
			productReference = 52B897211394460400C852D7 /* EnterRecovery.bundle */;
			productType = "com.apple.product-type.bundle";
		};
		52B8B4691394048A0099335A /* libleprechaun */ = {
			isa = PBXNativeTarget;
			buildConfigurationList = 52B8B4701394048B0099335A /* Build configuration list for PBXNativeTarget "libleprechaun" */;
			buildPhases = (
				52B8B4661394048A0099335A /* Sources */,
				52B8B4671394048A0099335A /* Frameworks */,
				52B8B4681394048A0099335A /* Headers */,
			);
			buildRules = (
			);
			dependencies = (
			);
			name = libleprechaun;
			productName = libleprechaun;
			productReference = 52B8B46A1394048A0099335A /* libleprechaun.dylib */;
			productType = "com.apple.product-type.library.dynamic";
		};
		52E974861393053500535F7C /* Rainbow */ = {
			isa = PBXNativeTarget;
			buildConfigurationList = 52E974B91393053500535F7C /* Build configuration list for PBXNativeTarget "Rainbow" */;
			buildPhases = (
				52E974831393053500535F7C /* Sources */,
				52E974841393053500535F7C /* Frameworks */,
				52E974851393053500535F7C /* Resources */,
				52AB55D91394090100195CD1 /* Copy Libraries */,
			);
			buildRules = (
			);
			dependencies = (
				52B8971C139437AC00C852D7 /* PBXTargetDependency */,
				52B897321394476D00C852D7 /* PBXTargetDependency */,
			);
			name = Rainbow;
			productName = Rainbow;
			productReference = 52E974871393053500535F7C /* Rainbow.app */;
			productType = "com.apple.product-type.application";
		};
/* End PBXNativeTarget section */

/* Begin PBXProject section */
		52E9747E1393053500535F7C /* Project object */ = {
			isa = PBXProject;
			attributes = {
				ORGANIZATIONNAME = "Springfield High School";
			};
			buildConfigurationList = 52E974811393053500535F7C /* Build configuration list for PBXProject "Rainbow" */;
			compatibilityVersion = "Xcode 3.2";
			developmentRegion = English;
			hasScannedForEncodings = 0;
			knownRegions = (
				en,
			);
			mainGroup = 52E9747C1393053500535F7C;
			productRefGroup = 52E974881393053500535F7C /* Products */;
			projectDirPath = "";
			projectRoot = "";
			targets = (
				52E974861393053500535F7C /* Rainbow */,
				52B8B4691394048A0099335A /* libleprechaun */,
				52B897201394460400C852D7 /* EnterRecovery */,
			);
		};
/* End PBXProject section */

/* Begin PBXResourcesBuildPhase section */
		52B8971F1394460400C852D7 /* Resources */ = {
			isa = PBXResourcesBuildPhase;
			buildActionMask = 2147483647;
			files = (
				52B897281394460400C852D7 /* InfoPlist.strings in Resources */,
				524B499913946CCB00E16B56 /* EnterRecovery.xib in Resources */,
			);
			runOnlyForDeploymentPostprocessing = 0;
		};
		52E974851393053500535F7C /* Resources */ = {
			isa = PBXResourcesBuildPhase;
			buildActionMask = 2147483647;
			files = (
				52E974961393053500535F7C /* InfoPlist.strings in Resources */,
				52E9749C1393053500535F7C /* Credits.rtf in Resources */,
				52E974A21393053500535F7C /* Rainbow.xib in Resources */,
				52AB55F913941C9800195CD1 /* green-orb.png in Resources */,
				52AB55FA13941C9800195CD1 /* red-orb.png in Resources */,
				52B89734139447E600C852D7 /* EnterRecovery.bundle in Resources */,
			);
			runOnlyForDeploymentPostprocessing = 0;
		};
/* End PBXResourcesBuildPhase section */

/* Begin PBXSourcesBuildPhase section */
		52B8971D1394460400C852D7 /* Sources */ = {
			isa = PBXSourcesBuildPhase;
			buildActionMask = 2147483647;
			files = (
				52B897301394464E00C852D7 /* Module.m in Sources */,
			);
			runOnlyForDeploymentPostprocessing = 0;
		};
		52B8B4661394048A0099335A /* Sources */ = {
			isa = PBXSourcesBuildPhase;
			buildActionMask = 2147483647;
			files = (
				52AB55D71394051700195CD1 /* Leprechaun.m in Sources */,
				524B49961394586200E16B56 /* MDDeviceManager.m in Sources */,
				524B49971394586400E16B56 /* MDNotificationCenter.m in Sources */,
			);
			runOnlyForDeploymentPostprocessing = 0;
		};
		52E974831393053500535F7C /* Sources */ = {
			isa = PBXSourcesBuildPhase;
			buildActionMask = 2147483647;
			files = (
				52E974991393053500535F7C /* main.m in Sources */,
				52E9749F1393053500535F7C /* RainbowAppDelegate.m in Sources */,
				52AB55F613941A3900195CD1 /* LeprechaunPuncher.m in Sources */,
			);
			runOnlyForDeploymentPostprocessing = 0;
		};
/* End PBXSourcesBuildPhase section */

/* Begin PBXTargetDependency section */
		52B8971C139437AC00C852D7 /* PBXTargetDependency */ = {
			isa = PBXTargetDependency;
			target = 52B8B4691394048A0099335A /* libleprechaun */;
			targetProxy = 52B8971B139437AC00C852D7 /* PBXContainerItemProxy */;
		};
		52B897321394476D00C852D7 /* PBXTargetDependency */ = {
			isa = PBXTargetDependency;
			target = 52B897201394460400C852D7 /* EnterRecovery */;
			targetProxy = 52B897311394476D00C852D7 /* PBXContainerItemProxy */;
		};
/* End PBXTargetDependency section */

/* Begin PBXVariantGroup section */
		52B897261394460400C852D7 /* InfoPlist.strings */ = {
			isa = PBXVariantGroup;
			children = (
				52B897271394460400C852D7 /* en */,
			);
			name = InfoPlist.strings;
			sourceTree = "<group>";
		};
		52E974941393053500535F7C /* InfoPlist.strings */ = {
			isa = PBXVariantGroup;
			children = (
				52E974951393053500535F7C /* en */,
			);
			name = InfoPlist.strings;
			sourceTree = "<group>";
		};
		52E9749A1393053500535F7C /* Credits.rtf */ = {
			isa = PBXVariantGroup;
			children = (
				52E9749B1393053500535F7C /* en */,
			);
			name = Credits.rtf;
			sourceTree = "<group>";
		};
		52E974A01393053500535F7C /* Rainbow.xib */ = {
			isa = PBXVariantGroup;
			children = (
				52E974A11393053500535F7C /* en */,
			);
			name = Rainbow.xib;
			sourceTree = "<group>";
		};
/* End PBXVariantGroup section */

/* Begin XCBuildConfiguration section */
		52B8972B1394460400C852D7 /* Debug */ = {
			isa = XCBuildConfiguration;
			buildSettings = {
				ALWAYS_SEARCH_USER_PATHS = NO;
				COPY_PHASE_STRIP = NO;
				FRAMEWORK_SEARCH_PATHS = (
					"$(inherited)",
					"\"$(SYSTEM_LIBRARY_DIR)/PrivateFrameworks\"",
				);
				GCC_DYNAMIC_NO_PIC = NO;
				GCC_ENABLE_OBJC_EXCEPTIONS = YES;
				GCC_PRECOMPILE_PREFIX_HEADER = YES;
				GCC_PREFIX_HEADER = "EnterRecovery/EnterRecovery-Prefix.pch";
				INFOPLIST_FILE = "EnterRecovery/EnterRecovery-Info.plist";
				INSTALL_PATH = "$(LOCAL_LIBRARY_DIR)/Bundles";
				PRODUCT_NAME = "$(TARGET_NAME)";
				WRAPPER_EXTENSION = bundle;
			};
			name = Debug;
		};
		52B8972C1394460400C852D7 /* Release */ = {
			isa = XCBuildConfiguration;
			buildSettings = {
				ALWAYS_SEARCH_USER_PATHS = NO;
				COPY_PHASE_STRIP = YES;
				DEBUG_INFORMATION_FORMAT = "dwarf-with-dsym";
				FRAMEWORK_SEARCH_PATHS = (
					"$(inherited)",
					"\"$(SYSTEM_LIBRARY_DIR)/PrivateFrameworks\"",
				);
				GCC_ENABLE_OBJC_EXCEPTIONS = YES;
				GCC_PRECOMPILE_PREFIX_HEADER = YES;
				GCC_PREFIX_HEADER = "EnterRecovery/EnterRecovery-Prefix.pch";
				INFOPLIST_FILE = "EnterRecovery/EnterRecovery-Info.plist";
				INSTALL_PATH = "$(LOCAL_LIBRARY_DIR)/Bundles";
				PRODUCT_NAME = "$(TARGET_NAME)";
				WRAPPER_EXTENSION = bundle;
			};
			name = Release;
		};
		52B8B4711394048B0099335A /* Debug */ = {
			isa = XCBuildConfiguration;
			buildSettings = {
				ALWAYS_SEARCH_USER_PATHS = NO;
				COPY_PHASE_STRIP = NO;
				DYLIB_COMPATIBILITY_VERSION = 1;
				DYLIB_CURRENT_VERSION = 1;
				FRAMEWORK_SEARCH_PATHS = (
					"$(inherited)",
					"\"$(SYSTEM_LIBRARY_DIR)/PrivateFrameworks\"",
				);
				GCC_DYNAMIC_NO_PIC = NO;
				GCC_ENABLE_OBJC_EXCEPTIONS = YES;
				GCC_PRECOMPILE_PREFIX_HEADER = YES;
				GCC_PREFIX_HEADER = "libleprechaun/libleprechaun-Prefix.pch";
				LD_DYLIB_INSTALL_NAME = "@rpath/libleprechaun.dylib";
				PRODUCT_NAME = "$(TARGET_NAME)";
			};
			name = Debug;
		};
		52B8B4721394048B0099335A /* Release */ = {
			isa = XCBuildConfiguration;
			buildSettings = {
				ALWAYS_SEARCH_USER_PATHS = NO;
				COPY_PHASE_STRIP = YES;
				DEBUG_INFORMATION_FORMAT = "dwarf-with-dsym";
				DYLIB_COMPATIBILITY_VERSION = 1;
				DYLIB_CURRENT_VERSION = 1;
				FRAMEWORK_SEARCH_PATHS = (
					"$(inherited)",
					"\"$(SYSTEM_LIBRARY_DIR)/PrivateFrameworks\"",
				);
				GCC_ENABLE_OBJC_EXCEPTIONS = YES;
				GCC_PRECOMPILE_PREFIX_HEADER = YES;
				GCC_PREFIX_HEADER = "libleprechaun/libleprechaun-Prefix.pch";
				LD_DYLIB_INSTALL_NAME = "@rpath/libleprechaun.dylib";
				PRODUCT_NAME = "$(TARGET_NAME)";
			};
			name = Release;
		};
		52E974B71393053500535F7C /* Debug */ = {
			isa = XCBuildConfiguration;
			buildSettings = {
				ARCHS = "$(ARCHS_STANDARD_32_64_BIT)";
				GCC_C_LANGUAGE_STANDARD = gnu99;
				GCC_OPTIMIZATION_LEVEL = 0;
				GCC_PREPROCESSOR_DEFINITIONS = DEBUG;
				GCC_SYMBOLS_PRIVATE_EXTERN = NO;
				GCC_VERSION = com.apple.compilers.llvm.clang.1_0;
				GCC_WARN_64_TO_32_BIT_CONVERSION = YES;
				GCC_WARN_ABOUT_RETURN_TYPE = YES;
				GCC_WARN_UNUSED_VARIABLE = YES;
				MACOSX_DEPLOYMENT_TARGET = 10.6;
				ONLY_ACTIVE_ARCH = YES;
				SDKROOT = macosx;
			};
			name = Debug;
		};
		52E974B81393053500535F7C /* Release */ = {
			isa = XCBuildConfiguration;
			buildSettings = {
				ARCHS = "$(ARCHS_STANDARD_32_64_BIT)";
				GCC_C_LANGUAGE_STANDARD = gnu99;
				GCC_VERSION = com.apple.compilers.llvm.clang.1_0;
				GCC_WARN_64_TO_32_BIT_CONVERSION = YES;
				GCC_WARN_ABOUT_RETURN_TYPE = YES;
				GCC_WARN_UNUSED_VARIABLE = YES;
				MACOSX_DEPLOYMENT_TARGET = 10.6;
				SDKROOT = macosx;
			};
			name = Release;
		};
		52E974BA1393053500535F7C /* Debug */ = {
			isa = XCBuildConfiguration;
			buildSettings = {
				ALWAYS_SEARCH_USER_PATHS = NO;
				COPY_PHASE_STRIP = NO;
				FRAMEWORK_SEARCH_PATHS = (
					"$(inherited)",
					"\"$(SYSTEM_LIBRARY_DIR)/PrivateFrameworks\"",
				);
				GCC_DYNAMIC_NO_PIC = NO;
				GCC_ENABLE_OBJC_EXCEPTIONS = YES;
				GCC_PRECOMPILE_PREFIX_HEADER = YES;
				GCC_PREFIX_HEADER = "Rainbow/Rainbow-Prefix.pch";
				INFOPLIST_FILE = "Rainbow/Rainbow-Info.plist";
				LD_RUNPATH_SEARCH_PATHS = "@executable_path/../Resources/";
				PRODUCT_NAME = "$(TARGET_NAME)";
				WRAPPER_EXTENSION = app;
			};
			name = Debug;
		};
		52E974BB1393053500535F7C /* Release */ = {
			isa = XCBuildConfiguration;
			buildSettings = {
				ALWAYS_SEARCH_USER_PATHS = NO;
				COPY_PHASE_STRIP = YES;
				DEBUG_INFORMATION_FORMAT = "dwarf-with-dsym";
				FRAMEWORK_SEARCH_PATHS = (
					"$(inherited)",
					"\"$(SYSTEM_LIBRARY_DIR)/PrivateFrameworks\"",
				);
				GCC_ENABLE_OBJC_EXCEPTIONS = YES;
				GCC_PRECOMPILE_PREFIX_HEADER = YES;
				GCC_PREFIX_HEADER = "Rainbow/Rainbow-Prefix.pch";
				INFOPLIST_FILE = "Rainbow/Rainbow-Info.plist";
				LD_RUNPATH_SEARCH_PATHS = "@executable_path/../Resources/";
				PRODUCT_NAME = "$(TARGET_NAME)";
				WRAPPER_EXTENSION = app;
			};
			name = Release;
		};
/* End XCBuildConfiguration section */

/* Begin XCConfigurationList section */
		52B8972A1394460400C852D7 /* Build configuration list for PBXNativeTarget "EnterRecovery" */ = {
			isa = XCConfigurationList;
			buildConfigurations = (
				52B8972B1394460400C852D7 /* Debug */,
				52B8972C1394460400C852D7 /* Release */,
			);
			defaultConfigurationIsVisible = 0;
			defaultConfigurationName = Release;
		};
		52B8B4701394048B0099335A /* Build configuration list for PBXNativeTarget "libleprechaun" */ = {
			isa = XCConfigurationList;
			buildConfigurations = (
				52B8B4711394048B0099335A /* Debug */,
				52B8B4721394048B0099335A /* Release */,
			);
			defaultConfigurationIsVisible = 0;
			defaultConfigurationName = Release;
		};
		52E974811393053500535F7C /* Build configuration list for PBXProject "Rainbow" */ = {
			isa = XCConfigurationList;
			buildConfigurations = (
				52E974B71393053500535F7C /* Debug */,
				52E974B81393053500535F7C /* Release */,
			);
			defaultConfigurationIsVisible = 0;
			defaultConfigurationName = Release;
		};
		52E974B91393053500535F7C /* Build configuration list for PBXNativeTarget "Rainbow" */ = {
			isa = XCConfigurationList;
			buildConfigurations = (
				52E974BA1393053500535F7C /* Debug */,
				52E974BB1393053500535F7C /* Release */,
			);
			defaultConfigurationIsVisible = 0;
			defaultConfigurationName = Release;
		};
/* End XCConfigurationList section */
	};
	rootObject = 52E9747E1393053500535F7C /* Project object */;
}
